
Microsoft Visual Studio Solution File, Format Version 12.00
# Visual Studio 2013
VisualStudioVersion = 12.0.21005.1
MinimumVisualStudioVersion = 10.0.40219.1
Project("{FAE04EC0-301F-11D3-BF4B-00C04F79EFBC}") = "Farseer Physics XNA", "Farseer Physics Engine 3.5 Samples\Farseer Physics Engine 3.5\Farseer Physics XNA.csproj", "{0A850700-1ABB-4288-A391-6726B90EBEB9}"
EndProject
Project("{FAE04EC0-301F-11D3-BF4B-00C04F79EFBC}") = "WpfFarseer2", "WpfFarseer2\WpfFarseer2.csproj", "{9C9A4AF7-8548-48D3-891A-CFB0CA07734E}"
EndProject
Project("{2150E333-8FDC-42A3-9474-1A3956D46DE8}") = "exe", "exe", "{F10309F7-A054-4D47-9D8B-FA1A06233D18}"
EndProject
Project("{FAE04EC0-301F-11D3-BF4B-00C04F79EFBC}") = "SM.WpfFarseer", "SM.WpfFarseer\SM.WpfFarseer.csproj", "{5F029001-1BDE-48F7-B714-42C9735B9993}"
EndProject
Project("{FAE04EC0-301F-11D3-BF4B-00C04F79EFBC}") = "SM", "SM\SM.csproj", "{397C97F4-DF83-49EA-91D9-93C5C45B0025}"
EndProject
Project("{FAE04EC0-301F-11D3-BF4B-00C04F79EFBC}") = "SM.Farseer", "SM.Farseer\SM.Farseer.csproj", "{F7B0CC38-539D-4C46-ACC7-A51C41E23135}"
EndProject
Project("{FAE04EC0-301F-11D3-BF4B-00C04F79EFBC}") = "SM.Xaml", "SM.Xaml\SM.Xaml.csproj", "{4E416F0F-518C-43A6-B93B-57D105D184E1}"
EndProject
Project("{FAE04EC0-301F-11D3-BF4B-00C04F79EFBC}") = "SM.WpfView", "SM.WpfView\SM.WpfView.csproj", "{1EBE41B7-CA6A-4540-B893-9E6A0366C534}"
EndProject
Project("{FAE04EC0-301F-11D3-BF4B-00C04F79EFBC}") = "SM.Wpf", "SM.Wpf\SM.Wpf.csproj", "{E3C428D2-A846-484D-A1D0-8D573BD5130A}"
EndProject
Project("{FAE04EC0-301F-11D3-BF4B-00C04F79EFBC}") = "SM.Test", "SM.Test\SM.Test.csproj", "{FF487418-1AA9-4366-86FE-DD412BC9BA08}"
EndProject
Global
	GlobalSection(SolutionConfigurationPlatforms) = preSolution
		Debug|Any CPU = Debug|Any CPU
		Debug|Mixed Platforms = Debug|Mixed Platforms
		Debug|x86 = Debug|x86
		no_exe|Any CPU = no_exe|Any CPU
		no_exe|Mixed Platforms = no_exe|Mixed Platforms
		no_exe|x86 = no_exe|x86
		Release|Any CPU = Release|Any CPU
		Release|Mixed Platforms = Release|Mixed Platforms
		Release|x86 = Release|x86
		Wpf|Any CPU = Wpf|Any CPU
		Wpf|Mixed Platforms = Wpf|Mixed Platforms
		Wpf|x86 = Wpf|x86
	EndGlobalSection
	GlobalSection(ProjectConfigurationPlatforms) = postSolution
		{0A850700-1ABB-4288-A391-6726B90EBEB9}.Debug|Any CPU.ActiveCfg = Debug|x86
		{0A850700-1ABB-4288-A391-6726B90EBEB9}.Debug|Mixed Platforms.ActiveCfg = Debug|x86
		{0A850700-1ABB-4288-A391-6726B90EBEB9}.Debug|Mixed Platforms.Build.0 = Debug|x86
		{0A850700-1ABB-4288-A391-6726B90EBEB9}.Debug|x86.ActiveCfg = Debug|x86
		{0A850700-1ABB-4288-A391-6726B90EBEB9}.Debug|x86.Build.0 = Debug|x86
		{0A850700-1ABB-4288-A391-6726B90EBEB9}.Debug|x86.Deploy.0 = Debug|x86
		{0A850700-1ABB-4288-A391-6726B90EBEB9}.no_exe|Any CPU.ActiveCfg = no_exe|x86
		{0A850700-1ABB-4288-A391-6726B90EBEB9}.no_exe|Mixed Platforms.ActiveCfg = no_exe|x86
		{0A850700-1ABB-4288-A391-6726B90EBEB9}.no_exe|Mixed Platforms.Build.0 = no_exe|x86
		{0A850700-1ABB-4288-A391-6726B90EBEB9}.no_exe|x86.ActiveCfg = no_exe|x86
		{0A850700-1ABB-4288-A391-6726B90EBEB9}.no_exe|x86.Build.0 = no_exe|x86
		{0A850700-1ABB-4288-A391-6726B90EBEB9}.Release|Any CPU.ActiveCfg = Release|x86
		{0A850700-1ABB-4288-A391-6726B90EBEB9}.Release|Mixed Platforms.ActiveCfg = Release|x86
		{0A850700-1ABB-4288-A391-6726B90EBEB9}.Release|Mixed Platforms.Build.0 = Release|x86
		{0A850700-1ABB-4288-A391-6726B90EBEB9}.Release|x86.ActiveCfg = Release|x86
		{0A850700-1ABB-4288-A391-6726B90EBEB9}.Release|x86.Build.0 = Release|x86
		{0A850700-1ABB-4288-A391-6726B90EBEB9}.Wpf|Any CPU.ActiveCfg = Wpf|x86
		{0A850700-1ABB-4288-A391-6726B90EBEB9}.Wpf|Mixed Platforms.ActiveCfg = Wpf|x86
		{0A850700-1ABB-4288-A391-6726B90EBEB9}.Wpf|Mixed Platforms.Build.0 = Wpf|x86
		{0A850700-1ABB-4288-A391-6726B90EBEB9}.Wpf|x86.ActiveCfg = Wpf|x86
		{0A850700-1ABB-4288-A391-6726B90EBEB9}.Wpf|x86.Build.0 = Wpf|x86
		{0A850700-1ABB-4288-A391-6726B90EBEB9}.Wpf|x86.Deploy.0 = Wpf|x86
		{9C9A4AF7-8548-48D3-891A-CFB0CA07734E}.Debug|Any CPU.ActiveCfg = Debug|Any CPU
		{9C9A4AF7-8548-48D3-891A-CFB0CA07734E}.Debug|Any CPU.Build.0 = Debug|Any CPU
		{9C9A4AF7-8548-48D3-891A-CFB0CA07734E}.Debug|Mixed Platforms.ActiveCfg = Debug|x86
		{9C9A4AF7-8548-48D3-891A-CFB0CA07734E}.Debug|Mixed Platforms.Build.0 = Debug|x86
		{9C9A4AF7-8548-48D3-891A-CFB0CA07734E}.Debug|x86.ActiveCfg = Debug|x86
		{9C9A4AF7-8548-48D3-891A-CFB0CA07734E}.Debug|x86.Build.0 = Debug|x86
		{9C9A4AF7-8548-48D3-891A-CFB0CA07734E}.no_exe|Any CPU.ActiveCfg = no_exe|Any CPU
		{9C9A4AF7-8548-48D3-891A-CFB0CA07734E}.no_exe|Any CPU.Build.0 = no_exe|Any CPU
		{9C9A4AF7-8548-48D3-891A-CFB0CA07734E}.no_exe|Mixed Platforms.ActiveCfg = no_exe|x86
		{9C9A4AF7-8548-48D3-891A-CFB0CA07734E}.no_exe|Mixed Platforms.Build.0 = no_exe|x86
		{9C9A4AF7-8548-48D3-891A-CFB0CA07734E}.no_exe|x86.ActiveCfg = no_exe|x86
		{9C9A4AF7-8548-48D3-891A-CFB0CA07734E}.no_exe|x86.Build.0 = no_exe|x86
		{9C9A4AF7-8548-48D3-891A-CFB0CA07734E}.Release|Any CPU.ActiveCfg = Release|Any CPU
		{9C9A4AF7-8548-48D3-891A-CFB0CA07734E}.Release|Any CPU.Build.0 = Release|Any CPU
		{9C9A4AF7-8548-48D3-891A-CFB0CA07734E}.Release|Mixed Platforms.ActiveCfg = Release|x86
		{9C9A4AF7-8548-48D3-891A-CFB0CA07734E}.Release|Mixed Platforms.Build.0 = Release|x86
		{9C9A4AF7-8548-48D3-891A-CFB0CA07734E}.Release|x86.ActiveCfg = Release|x86
		{9C9A4AF7-8548-48D3-891A-CFB0CA07734E}.Release|x86.Build.0 = Release|x86
		{9C9A4AF7-8548-48D3-891A-CFB0CA07734E}.Wpf|Any CPU.ActiveCfg = Wpf|Any CPU
		{9C9A4AF7-8548-48D3-891A-CFB0CA07734E}.Wpf|Any CPU.Build.0 = Wpf|Any CPU
		{9C9A4AF7-8548-48D3-891A-CFB0CA07734E}.Wpf|Mixed Platforms.ActiveCfg = Wpf|x86
		{9C9A4AF7-8548-48D3-891A-CFB0CA07734E}.Wpf|Mixed Platforms.Build.0 = Wpf|x86
		{9C9A4AF7-8548-48D3-891A-CFB0CA07734E}.Wpf|x86.ActiveCfg = Wpf|x86
		{9C9A4AF7-8548-48D3-891A-CFB0CA07734E}.Wpf|x86.Build.0 = Wpf|x86
		{5F029001-1BDE-48F7-B714-42C9735B9993}.Debug|Any CPU.ActiveCfg = Debug|Any CPU
		{5F029001-1BDE-48F7-B714-42C9735B9993}.Debug|Any CPU.Build.0 = Debug|Any CPU
		{5F029001-1BDE-48F7-B714-42C9735B9993}.Debug|Mixed Platforms.ActiveCfg = Debug|x86
		{5F029001-1BDE-48F7-B714-42C9735B9993}.Debug|Mixed Platforms.Build.0 = Debug|x86
		{5F029001-1BDE-48F7-B714-42C9735B9993}.Debug|x86.ActiveCfg = Debug|x86
		{5F029001-1BDE-48F7-B714-42C9735B9993}.Debug|x86.Build.0 = Debug|x86
		{5F029001-1BDE-48F7-B714-42C9735B9993}.no_exe|Any CPU.ActiveCfg = no_exe|Any CPU
		{5F029001-1BDE-48F7-B714-42C9735B9993}.no_exe|Any CPU.Build.0 = no_exe|Any CPU
		{5F029001-1BDE-48F7-B714-42C9735B9993}.no_exe|Mixed Platforms.ActiveCfg = no_exe|x86
		{5F029001-1BDE-48F7-B714-42C9735B9993}.no_exe|Mixed Platforms.Build.0 = no_exe|x86
		{5F029001-1BDE-48F7-B714-42C9735B9993}.no_exe|x86.ActiveCfg = no_exe|x86
		{5F029001-1BDE-48F7-B714-42C9735B9993}.no_exe|x86.Build.0 = no_exe|x86
		{5F029001-1BDE-48F7-B714-42C9735B9993}.Release|Any CPU.ActiveCfg = Release|Any CPU
		{5F029001-1BDE-48F7-B714-42C9735B9993}.Release|Any CPU.Build.0 = Release|Any CPU
		{5F029001-1BDE-48F7-B714-42C9735B9993}.Release|Mixed Platforms.ActiveCfg = Release|x86
		{5F029001-1BDE-48F7-B714-42C9735B9993}.Release|Mixed Platforms.Build.0 = Release|x86
		{5F029001-1BDE-48F7-B714-42C9735B9993}.Release|x86.ActiveCfg = Release|x86
		{5F029001-1BDE-48F7-B714-42C9735B9993}.Release|x86.Build.0 = Release|x86
		{5F029001-1BDE-48F7-B714-42C9735B9993}.Wpf|Any CPU.ActiveCfg = Wpf|Any CPU
		{5F029001-1BDE-48F7-B714-42C9735B9993}.Wpf|Any CPU.Build.0 = Wpf|Any CPU
		{5F029001-1BDE-48F7-B714-42C9735B9993}.Wpf|Mixed Platforms.ActiveCfg = Wpf|x86
		{5F029001-1BDE-48F7-B714-42C9735B9993}.Wpf|Mixed Platforms.Build.0 = Wpf|x86
		{5F029001-1BDE-48F7-B714-42C9735B9993}.Wpf|x86.ActiveCfg = Wpf|x86
		{5F029001-1BDE-48F7-B714-42C9735B9993}.Wpf|x86.Build.0 = Wpf|x86
		{397C97F4-DF83-49EA-91D9-93C5C45B0025}.Debug|Any CPU.ActiveCfg = Debug|Any CPU
		{397C97F4-DF83-49EA-91D9-93C5C45B0025}.Debug|Any CPU.Build.0 = Debug|Any CPU
		{397C97F4-DF83-49EA-91D9-93C5C45B0025}.Debug|Mixed Platforms.ActiveCfg = Debug|x86
		{397C97F4-DF83-49EA-91D9-93C5C45B0025}.Debug|Mixed Platforms.Build.0 = Debug|x86
		{397C97F4-DF83-49EA-91D9-93C5C45B0025}.Debug|x86.ActiveCfg = Debug|x86
		{397C97F4-DF83-49EA-91D9-93C5C45B0025}.Debug|x86.Build.0 = Debug|x86
		{397C97F4-DF83-49EA-91D9-93C5C45B0025}.no_exe|Any CPU.ActiveCfg = no_exe|Any CPU
		{397C97F4-DF83-49EA-91D9-93C5C45B0025}.no_exe|Any CPU.Build.0 = no_exe|Any CPU
		{397C97F4-DF83-49EA-91D9-93C5C45B0025}.no_exe|Mixed Platforms.ActiveCfg = no_exe|x86
		{397C97F4-DF83-49EA-91D9-93C5C45B0025}.no_exe|Mixed Platforms.Build.0 = no_exe|x86
		{397C97F4-DF83-49EA-91D9-93C5C45B0025}.no_exe|x86.ActiveCfg = no_exe|x86
		{397C97F4-DF83-49EA-91D9-93C5C45B0025}.no_exe|x86.Build.0 = no_exe|x86
		{397C97F4-DF83-49EA-91D9-93C5C45B0025}.Release|Any CPU.ActiveCfg = Release|Any CPU
		{397C97F4-DF83-49EA-91D9-93C5C45B0025}.Release|Any CPU.Build.0 = Release|Any CPU
		{397C97F4-DF83-49EA-91D9-93C5C45B0025}.Release|Mixed Platforms.ActiveCfg = Release|x86
		{397C97F4-DF83-49EA-91D9-93C5C45B0025}.Release|Mixed Platforms.Build.0 = Release|x86
		{397C97F4-DF83-49EA-91D9-93C5C45B0025}.Release|x86.ActiveCfg = Release|x86
		{397C97F4-DF83-49EA-91D9-93C5C45B0025}.Release|x86.Build.0 = Release|x86
		{397C97F4-DF83-49EA-91D9-93C5C45B0025}.Wpf|Any CPU.ActiveCfg = Wpf|Any CPU
		{397C97F4-DF83-49EA-91D9-93C5C45B0025}.Wpf|Any CPU.Build.0 = Wpf|Any CPU
		{397C97F4-DF83-49EA-91D9-93C5C45B0025}.Wpf|Mixed Platforms.ActiveCfg = Wpf|x86
		{397C97F4-DF83-49EA-91D9-93C5C45B0025}.Wpf|Mixed Platforms.Build.0 = Wpf|x86
		{397C97F4-DF83-49EA-91D9-93C5C45B0025}.Wpf|x86.ActiveCfg = Wpf|x86
		{397C97F4-DF83-49EA-91D9-93C5C45B0025}.Wpf|x86.Build.0 = Wpf|x86
		{F7B0CC38-539D-4C46-ACC7-A51C41E23135}.Debug|Any CPU.ActiveCfg = Debug|Any CPU
		{F7B0CC38-539D-4C46-ACC7-A51C41E23135}.Debug|Any CPU.Build.0 = Debug|Any CPU
		{F7B0CC38-539D-4C46-ACC7-A51C41E23135}.Debug|Mixed Platforms.ActiveCfg = Debug|x86
		{F7B0CC38-539D-4C46-ACC7-A51C41E23135}.Debug|Mixed Platforms.Build.0 = Debug|x86
		{F7B0CC38-539D-4C46-ACC7-A51C41E23135}.Debug|x86.ActiveCfg = Debug|x86
		{F7B0CC38-539D-4C46-ACC7-A51C41E23135}.Debug|x86.Build.0 = Debug|x86
		{F7B0CC38-539D-4C46-ACC7-A51C41E23135}.no_exe|Any CPU.ActiveCfg = no_exe|Any CPU
		{F7B0CC38-539D-4C46-ACC7-A51C41E23135}.no_exe|Any CPU.Build.0 = no_exe|Any CPU
		{F7B0CC38-539D-4C46-ACC7-A51C41E23135}.no_exe|Mixed Platforms.ActiveCfg = no_exe|x86
		{F7B0CC38-539D-4C46-ACC7-A51C41E23135}.no_exe|Mixed Platforms.Build.0 = no_exe|x86
		{F7B0CC38-539D-4C46-ACC7-A51C41E23135}.no_exe|x86.ActiveCfg = no_exe|x86
		{F7B0CC38-539D-4C46-ACC7-A51C41E23135}.no_exe|x86.Build.0 = no_exe|x86
		{F7B0CC38-539D-4C46-ACC7-A51C41E23135}.Release|Any CPU.ActiveCfg = Release|Any CPU
		{F7B0CC38-539D-4C46-ACC7-A51C41E23135}.Release|Any CPU.Build.0 = Release|Any CPU
		{F7B0CC38-539D-4C46-ACC7-A51C41E23135}.Release|Mixed Platforms.ActiveCfg = Release|x86
		{F7B0CC38-539D-4C46-ACC7-A51C41E23135}.Release|Mixed Platforms.Build.0 = Release|x86
		{F7B0CC38-539D-4C46-ACC7-A51C41E23135}.Release|x86.ActiveCfg = Release|x86
		{F7B0CC38-539D-4C46-ACC7-A51C41E23135}.Release|x86.Build.0 = Release|x86
		{F7B0CC38-539D-4C46-ACC7-A51C41E23135}.Wpf|Any CPU.ActiveCfg = Wpf|Any CPU
		{F7B0CC38-539D-4C46-ACC7-A51C41E23135}.Wpf|Any CPU.Build.0 = Wpf|Any CPU
		{F7B0CC38-539D-4C46-ACC7-A51C41E23135}.Wpf|Mixed Platforms.ActiveCfg = Wpf|x86
		{F7B0CC38-539D-4C46-ACC7-A51C41E23135}.Wpf|Mixed Platforms.Build.0 = Wpf|x86
		{F7B0CC38-539D-4C46-ACC7-A51C41E23135}.Wpf|x86.ActiveCfg = Wpf|x86
		{F7B0CC38-539D-4C46-ACC7-A51C41E23135}.Wpf|x86.Build.0 = Wpf|x86
		{4E416F0F-518C-43A6-B93B-57D105D184E1}.Debug|Any CPU.ActiveCfg = Debug|Any CPU
		{4E416F0F-518C-43A6-B93B-57D105D184E1}.Debug|Any CPU.Build.0 = Debug|Any CPU
		{4E416F0F-518C-43A6-B93B-57D105D184E1}.Debug|Mixed Platforms.ActiveCfg = Debug|Any CPU
		{4E416F0F-518C-43A6-B93B-57D105D184E1}.Debug|Mixed Platforms.Build.0 = Debug|Any CPU
		{4E416F0F-518C-43A6-B93B-57D105D184E1}.Debug|x86.ActiveCfg = Debug|Any CPU
		{4E416F0F-518C-43A6-B93B-57D105D184E1}.no_exe|Any CPU.ActiveCfg = Wpf|Any CPU
		{4E416F0F-518C-43A6-B93B-57D105D184E1}.no_exe|Any CPU.Build.0 = Wpf|Any CPU
		{4E416F0F-518C-43A6-B93B-57D105D184E1}.no_exe|Mixed Platforms.ActiveCfg = Release|x86
		{4E416F0F-518C-43A6-B93B-57D105D184E1}.no_exe|Mixed Platforms.Build.0 = Release|x86
		{4E416F0F-518C-43A6-B93B-57D105D184E1}.no_exe|x86.ActiveCfg = Release|x86
		{4E416F0F-518C-43A6-B93B-57D105D184E1}.no_exe|x86.Build.0 = Release|x86
		{4E416F0F-518C-43A6-B93B-57D105D184E1}.Release|Any CPU.ActiveCfg = Release|Any CPU
		{4E416F0F-518C-43A6-B93B-57D105D184E1}.Release|Any CPU.Build.0 = Release|Any CPU
		{4E416F0F-518C-43A6-B93B-57D105D184E1}.Release|Mixed Platforms.ActiveCfg = Release|Any CPU
		{4E416F0F-518C-43A6-B93B-57D105D184E1}.Release|Mixed Platforms.Build.0 = Release|Any CPU
		{4E416F0F-518C-43A6-B93B-57D105D184E1}.Release|x86.ActiveCfg = Release|Any CPU
		{4E416F0F-518C-43A6-B93B-57D105D184E1}.Wpf|Any CPU.ActiveCfg = Release|Any CPU
		{4E416F0F-518C-43A6-B93B-57D105D184E1}.Wpf|Any CPU.Build.0 = Release|Any CPU
		{4E416F0F-518C-43A6-B93B-57D105D184E1}.Wpf|Mixed Platforms.ActiveCfg = Release|Any CPU
		{4E416F0F-518C-43A6-B93B-57D105D184E1}.Wpf|Mixed Platforms.Build.0 = Release|Any CPU
		{4E416F0F-518C-43A6-B93B-57D105D184E1}.Wpf|x86.ActiveCfg = Wpf|x86
		{4E416F0F-518C-43A6-B93B-57D105D184E1}.Wpf|x86.Build.0 = Wpf|x86
		{1EBE41B7-CA6A-4540-B893-9E6A0366C534}.Debug|Any CPU.ActiveCfg = Debug|Any CPU
		{1EBE41B7-CA6A-4540-B893-9E6A0366C534}.Debug|Any CPU.Build.0 = Debug|Any CPU
		{1EBE41B7-CA6A-4540-B893-9E6A0366C534}.Debug|Mixed Platforms.ActiveCfg = Debug|x86
		{1EBE41B7-CA6A-4540-B893-9E6A0366C534}.Debug|Mixed Platforms.Build.0 = Debug|x86
		{1EBE41B7-CA6A-4540-B893-9E6A0366C534}.Debug|x86.ActiveCfg = Debug|x86
		{1EBE41B7-CA6A-4540-B893-9E6A0366C534}.Debug|x86.Build.0 = Debug|x86
		{1EBE41B7-CA6A-4540-B893-9E6A0366C534}.no_exe|Any CPU.ActiveCfg = no_exe|Any CPU
		{1EBE41B7-CA6A-4540-B893-9E6A0366C534}.no_exe|Any CPU.Build.0 = no_exe|Any CPU
		{1EBE41B7-CA6A-4540-B893-9E6A0366C534}.no_exe|Mixed Platforms.ActiveCfg = no_exe|x86
		{1EBE41B7-CA6A-4540-B893-9E6A0366C534}.no_exe|Mixed Platforms.Build.0 = no_exe|x86
		{1EBE41B7-CA6A-4540-B893-9E6A0366C534}.no_exe|x86.ActiveCfg = no_exe|x86
		{1EBE41B7-CA6A-4540-B893-9E6A0366C534}.no_exe|x86.Build.0 = no_exe|x86
		{1EBE41B7-CA6A-4540-B893-9E6A0366C534}.Release|Any CPU.ActiveCfg = Release|Any CPU
		{1EBE41B7-CA6A-4540-B893-9E6A0366C534}.Release|Any CPU.Build.0 = Release|Any CPU
		{1EBE41B7-CA6A-4540-B893-9E6A0366C534}.Release|Mixed Platforms.ActiveCfg = Release|x86
		{1EBE41B7-CA6A-4540-B893-9E6A0366C534}.Release|Mixed Platforms.Build.0 = Release|x86
		{1EBE41B7-CA6A-4540-B893-9E6A0366C534}.Release|x86.ActiveCfg = Release|x86
		{1EBE41B7-CA6A-4540-B893-9E6A0366C534}.Release|x86.Build.0 = Release|x86
		{1EBE41B7-CA6A-4540-B893-9E6A0366C534}.Wpf|Any CPU.ActiveCfg = Wpf|Any CPU
		{1EBE41B7-CA6A-4540-B893-9E6A0366C534}.Wpf|Any CPU.Build.0 = Wpf|Any CPU
		{1EBE41B7-CA6A-4540-B893-9E6A0366C534}.Wpf|Mixed Platforms.ActiveCfg = Wpf|x86
		{1EBE41B7-CA6A-4540-B893-9E6A0366C534}.Wpf|Mixed Platforms.Build.0 = Wpf|x86
		{1EBE41B7-CA6A-4540-B893-9E6A0366C534}.Wpf|x86.ActiveCfg = Wpf|x86
		{1EBE41B7-CA6A-4540-B893-9E6A0366C534}.Wpf|x86.Build.0 = Wpf|x86
		{E3C428D2-A846-484D-A1D0-8D573BD5130A}.Debug|Any CPU.ActiveCfg = Debug|Any CPU
		{E3C428D2-A846-484D-A1D0-8D573BD5130A}.Debug|Any CPU.Build.0 = Debug|Any CPU
		{E3C428D2-A846-484D-A1D0-8D573BD5130A}.Debug|Mixed Platforms.ActiveCfg = Debug|Any CPU
		{E3C428D2-A846-484D-A1D0-8D573BD5130A}.Debug|Mixed Platforms.Build.0 = Debug|Any CPU
		{E3C428D2-A846-484D-A1D0-8D573BD5130A}.Debug|x86.ActiveCfg = Debug|Any CPU
		{E3C428D2-A846-484D-A1D0-8D573BD5130A}.no_exe|Any CPU.ActiveCfg = Release|Any CPU
		{E3C428D2-A846-484D-A1D0-8D573BD5130A}.no_exe|Any CPU.Build.0 = Release|Any CPU
		{E3C428D2-A846-484D-A1D0-8D573BD5130A}.no_exe|Mixed Platforms.ActiveCfg = Release|Any CPU
		{E3C428D2-A846-484D-A1D0-8D573BD5130A}.no_exe|Mixed Platforms.Build.0 = Release|Any CPU
		{E3C428D2-A846-484D-A1D0-8D573BD5130A}.no_exe|x86.ActiveCfg = Release|Any CPU
		{E3C428D2-A846-484D-A1D0-8D573BD5130A}.Release|Any CPU.ActiveCfg = Release|Any CPU
		{E3C428D2-A846-484D-A1D0-8D573BD5130A}.Release|Any CPU.Build.0 = Release|Any CPU
		{E3C428D2-A846-484D-A1D0-8D573BD5130A}.Release|Mixed Platforms.ActiveCfg = Release|Any CPU
		{E3C428D2-A846-484D-A1D0-8D573BD5130A}.Release|Mixed Platforms.Build.0 = Release|Any CPU
		{E3C428D2-A846-484D-A1D0-8D573BD5130A}.Release|x86.ActiveCfg = Release|Any CPU
		{E3C428D2-A846-484D-A1D0-8D573BD5130A}.Wpf|Any CPU.ActiveCfg = Release|Any CPU
		{E3C428D2-A846-484D-A1D0-8D573BD5130A}.Wpf|Any CPU.Build.0 = Release|Any CPU
		{E3C428D2-A846-484D-A1D0-8D573BD5130A}.Wpf|Mixed Platforms.ActiveCfg = Release|Any CPU
		{E3C428D2-A846-484D-A1D0-8D573BD5130A}.Wpf|Mixed Platforms.Build.0 = Release|Any CPU
		{E3C428D2-A846-484D-A1D0-8D573BD5130A}.Wpf|x86.ActiveCfg = Wpf|x86
		{E3C428D2-A846-484D-A1D0-8D573BD5130A}.Wpf|x86.Build.0 = Wpf|x86
		{FF487418-1AA9-4366-86FE-DD412BC9BA08}.Debug|Any CPU.ActiveCfg = Debug|Any CPU
		{FF487418-1AA9-4366-86FE-DD412BC9BA08}.Debug|Any CPU.Build.0 = Debug|Any CPU
		{FF487418-1AA9-4366-86FE-DD412BC9BA08}.Debug|Mixed Platforms.ActiveCfg = Debug|Any CPU
		{FF487418-1AA9-4366-86FE-DD412BC9BA08}.Debug|Mixed Platforms.Build.0 = Debug|Any CPU
		{FF487418-1AA9-4366-86FE-DD412BC9BA08}.Debug|x86.ActiveCfg = Debug|Any CPU
		{FF487418-1AA9-4366-86FE-DD412BC9BA08}.no_exe|Any CPU.ActiveCfg = Release|Any CPU
		{FF487418-1AA9-4366-86FE-DD412BC9BA08}.no_exe|Any CPU.Build.0 = Release|Any CPU
		{FF487418-1AA9-4366-86FE-DD412BC9BA08}.no_exe|Mixed Platforms.ActiveCfg = Release|Any CPU
		{FF487418-1AA9-4366-86FE-DD412BC9BA08}.no_exe|Mixed Platforms.Build.0 = Release|Any CPU
		{FF487418-1AA9-4366-86FE-DD412BC9BA08}.no_exe|x86.ActiveCfg = Release|Any CPU
		{FF487418-1AA9-4366-86FE-DD412BC9BA08}.Release|Any CPU.ActiveCfg = Release|Any CPU
		{FF487418-1AA9-4366-86FE-DD412BC9BA08}.Release|Any CPU.Build.0 = Release|Any CPU
		{FF487418-1AA9-4366-86FE-DD412BC9BA08}.Release|Mixed Platforms.ActiveCfg = Release|Any CPU
		{FF487418-1AA9-4366-86FE-DD412BC9BA08}.Release|Mixed Platforms.Build.0 = Release|Any CPU
		{FF487418-1AA9-4366-86FE-DD412BC9BA08}.Release|x86.ActiveCfg = Release|Any CPU
		{FF487418-1AA9-4366-86FE-DD412BC9BA08}.Wpf|Any CPU.ActiveCfg = Release|Any CPU
		{FF487418-1AA9-4366-86FE-DD412BC9BA08}.Wpf|Any CPU.Build.0 = Release|Any CPU
		{FF487418-1AA9-4366-86FE-DD412BC9BA08}.Wpf|Mixed Platforms.ActiveCfg = Release|Any CPU
		{FF487418-1AA9-4366-86FE-DD412BC9BA08}.Wpf|Mixed Platforms.Build.0 = Release|Any CPU
		{FF487418-1AA9-4366-86FE-DD412BC9BA08}.Wpf|x86.ActiveCfg = Release|x86
		{FF487418-1AA9-4366-86FE-DD412BC9BA08}.Wpf|x86.Build.0 = Release|x86
	EndGlobalSection
	GlobalSection(SolutionProperties) = preSolution
		HideSolutionNode = FALSE
	EndGlobalSection
	GlobalSection(NestedProjects) = preSolution
		{9C9A4AF7-8548-48D3-891A-CFB0CA07734E} = {F10309F7-A054-4D47-9D8B-FA1A06233D18}
	EndGlobalSection
EndGlobal
