
Microsoft Visual Studio Solution File, Format Version 12.00
# Visual Studio 2013
VisualStudioVersion = 12.0.21005.1
MinimumVisualStudioVersion = 10.0.40219.1
Project("{FAE04EC0-301F-11D3-BF4B-00C04F79EFBC}") = "exe_flame_farseer_xna", "FLAME_FARSEER\exe_flame_farseer_xna\exe_flame_farseer_xna\exe_flame_farseer_xna.csproj", "{17CD61F9-4103-4780-B7E8-EA95F439DE18}"
EndProject
Project("{FAE04EC0-301F-11D3-BF4B-00C04F79EFBC}") = "Flame.Base", "FLAME_2014\Flame\Flame.Base\Flame.Base.csproj", "{6E8DF0FA-F9D6-496D-AE08-99C3B7EC757C}"
EndProject
Project("{FAE04EC0-301F-11D3-BF4B-00C04F79EFBC}") = "Flame.Controls.Common", "FLAME_2014\Flame\Flame.Controls.Common\Flame.Controls.Common.csproj", "{D327180B-6D7A-4461-8CE0-64BF9CC0A809}"
EndProject
Project("{FAE04EC0-301F-11D3-BF4B-00C04F79EFBC}") = "Flame.Reflection", "FLAME_2014\Flame\Flame.Reflection\Flame.Reflection.csproj", "{88C1A100-A8C6-4C06-AE37-EA5163F57344}"
EndProject
Project("{FAE04EC0-301F-11D3-BF4B-00C04F79EFBC}") = "Flame.Controls", "FLAME_2014\Flame\Flame.Controls\Flame.Controls.csproj", "{B0F5BB4E-8391-40E3-B2BD-AF8EEBDE05E4}"
EndProject
Project("{FAE04EC0-301F-11D3-BF4B-00C04F79EFBC}") = "Flame.Scintilla", "FLAME_2014\Flame\Flame.Scintilla\Flame.Scintilla.csproj", "{35DA336C-E235-484C-90DA-8CD5C71997FF}"
EndProject
Project("{FAE04EC0-301F-11D3-BF4B-00C04F79EFBC}") = "ScintillaNET", "FLAME_2014\Flame\ScintillaNET\ScintillaNET.csproj", "{F9B6DABD-BBC1-4638-8CE6-A5C9506BFDCB}"
EndProject
Project("{FAE04EC0-301F-11D3-BF4B-00C04F79EFBC}") = "Flame.Dlr.Roslyn", "FLAME_2014\Flame\Flame.Dlr.Roslyn\Flame.Dlr.Roslyn.csproj", "{A41C2CC3-053D-4C52-AE99-ED7D9C43E7DC}"
EndProject
Project("{FAE04EC0-301F-11D3-BF4B-00C04F79EFBC}") = "DebugView XNA", "Farseer Physics Engine 3.5 Samples\Farseer Physics DebugView 3.5\DebugView XNA.csproj", "{FC7845FA-13FE-4FF8-822A-A577F3F59B00}"
EndProject
Project("{FAE04EC0-301F-11D3-BF4B-00C04F79EFBC}") = "Farseer Physics XNA", "Farseer Physics Engine 3.5 Samples\Farseer Physics Engine 3.5\Farseer Physics XNA.csproj", "{0A850700-1ABB-4288-A391-6726B90EBEB9}"
EndProject
Project("{FAE04EC0-301F-11D3-BF4B-00C04F79EFBC}") = "Samples XNA", "Farseer Physics Engine 3.5 Samples\Farseer Physics Samples 3.5\Samples XNA.csproj", "{3681ADA2-B2F3-4157-A603-82C742379856}"
EndProject
Project("{FAE04EC0-301F-11D3-BF4B-00C04F79EFBC}") = "WpfClassNavigator", "Farseer Physics Engine 3.5 Samples\WpfClassNavigator\WpfClassNavigator\WpfClassNavigator.csproj", "{052F9BB6-A8E8-447C-934D-616A7FA3D81C}"
EndProject
Project("{FAE04EC0-301F-11D3-BF4B-00C04F79EFBC}") = "Flame.Debug", "FLAME_2014\Flame\Flame.Debug\Flame.Debug.csproj", "{167938E9-7883-4D27-A78A-3A1C20F0FE90}"
EndProject
Project("{FAE04EC0-301F-11D3-BF4B-00C04F79EFBC}") = "WpfFarseer", "FLAME_FARSEER\exe_flame_farseer_xna\WpfFarseer\WpfFarseer.csproj", "{36BC8717-BF0F-4E78-8494-2309CE1FFEDB}"
EndProject
Project("{FAE04EC0-301F-11D3-BF4B-00C04F79EFBC}") = "WpfFarseer2", "WpfFarseer2\WpfFarseer2.csproj", "{9C9A4AF7-8548-48D3-891A-CFB0CA07734E}"
EndProject
Project("{2150E333-8FDC-42A3-9474-1A3956D46DE8}") = "Flame", "Flame", "{AA7F4E15-66AB-4E02-8DBA-49C56CF30A1D}"
EndProject
Project("{2150E333-8FDC-42A3-9474-1A3956D46DE8}") = "v", "v", "{AF39CFE4-1E90-4940-8764-52EC5D7C3610}"
EndProject
Project("{2150E333-8FDC-42A3-9474-1A3956D46DE8}") = "exe", "exe", "{F10309F7-A054-4D47-9D8B-FA1A06233D18}"
EndProject
Project("{2150E333-8FDC-42A3-9474-1A3956D46DE8}") = "xna", "xna", "{C9389713-549D-4323-B93C-84EABDC22FC4}"
EndProject
Project("{FAE04EC0-301F-11D3-BF4B-00C04F79EFBC}") = "SM.WpfFarseer", "SM.WpfFarseer\SM.WpfFarseer.csproj", "{5F029001-1BDE-48F7-B714-42C9735B9993}"
EndProject
Project("{FAE04EC0-301F-11D3-BF4B-00C04F79EFBC}") = "SM", "SM\SM.csproj", "{397C97F4-DF83-49EA-91D9-93C5C45B0025}"
EndProject
Project("{FAE04EC0-301F-11D3-BF4B-00C04F79EFBC}") = "SM.Farseer", "SM.Farseer\SM.Farseer.csproj", "{F7B0CC38-539D-4C46-ACC7-A51C41E23135}"
EndProject
Project("{FAE04EC0-301F-11D3-BF4B-00C04F79EFBC}") = "Test.WpfXamlPhysics", "Test.WpfXamlPhysics\Test.WpfXamlPhysics.csproj", "{00C7707D-9EFA-4736-AAEB-66F52E9D41AA}"
EndProject
Project("{FAE04EC0-301F-11D3-BF4B-00C04F79EFBC}") = "WpfFarseerEditor", "WpfFarseerEditor\WpfFarseerEditor.csproj", "{D902F079-00F1-4E8B-A7EC-6043D6FD11DC}"
EndProject
Project("{FAE04EC0-301F-11D3-BF4B-00C04F79EFBC}") = "SM.AForgeClipperFarseer", "SM.AForgeClipperFarseer\SM.AForgeClipperFarseer.csproj", "{F40A48F1-7F5E-4A29-9914-42B6566C88ED}"
EndProject
Project("{FAE04EC0-301F-11D3-BF4B-00C04F79EFBC}") = "SM.Xaml", "SM.Xaml\SM.Xaml.csproj", "{4E416F0F-518C-43A6-B93B-57D105D184E1}"
EndProject
Project("{FAE04EC0-301F-11D3-BF4B-00C04F79EFBC}") = "SM.WpfView", "SM.WpfView\SM.WpfView.csproj", "{1EBE41B7-CA6A-4540-B893-9E6A0366C534}"
EndProject
Project("{FAE04EC0-301F-11D3-BF4B-00C04F79EFBC}") = "SM.Wpf", "SM.Wpf\SM.Wpf.csproj", "{E3C428D2-A846-484D-A1D0-8D573BD5130A}"
EndProject
Global
	GlobalSection(SolutionConfigurationPlatforms) = preSolution
		Debug|Any CPU = Debug|Any CPU
		Debug|Mixed Platforms = Debug|Mixed Platforms
		Debug|x86 = Debug|x86
		no_exe|Any CPU = no_exe|Any CPU
		no_exe|Mixed Platforms = no_exe|Mixed Platforms
		no_exe|x86 = no_exe|x86
		Release|Any CPU = Release|Any CPU
		Release|Mixed Platforms = Release|Mixed Platforms
		Release|x86 = Release|x86
		Wpf|Any CPU = Wpf|Any CPU
		Wpf|Mixed Platforms = Wpf|Mixed Platforms
		Wpf|x86 = Wpf|x86
	EndGlobalSection
	GlobalSection(ProjectConfigurationPlatforms) = postSolution
		{17CD61F9-4103-4780-B7E8-EA95F439DE18}.Debug|Any CPU.ActiveCfg = Debug|Any CPU
		{17CD61F9-4103-4780-B7E8-EA95F439DE18}.Debug|Any CPU.Build.0 = Debug|Any CPU
		{17CD61F9-4103-4780-B7E8-EA95F439DE18}.Debug|Mixed Platforms.ActiveCfg = Debug|x86
		{17CD61F9-4103-4780-B7E8-EA95F439DE18}.Debug|Mixed Platforms.Build.0 = Debug|x86
		{17CD61F9-4103-4780-B7E8-EA95F439DE18}.Debug|x86.ActiveCfg = Debug|x86
		{17CD61F9-4103-4780-B7E8-EA95F439DE18}.Debug|x86.Build.0 = Debug|x86
		{17CD61F9-4103-4780-B7E8-EA95F439DE18}.no_exe|Any CPU.ActiveCfg = Wpf|Any CPU
		{17CD61F9-4103-4780-B7E8-EA95F439DE18}.no_exe|Mixed Platforms.ActiveCfg = Wpf|x86
		{17CD61F9-4103-4780-B7E8-EA95F439DE18}.no_exe|x86.ActiveCfg = Wpf|x86
		{17CD61F9-4103-4780-B7E8-EA95F439DE18}.Release|Any CPU.ActiveCfg = Release|Any CPU
		{17CD61F9-4103-4780-B7E8-EA95F439DE18}.Release|Any CPU.Build.0 = Release|Any CPU
		{17CD61F9-4103-4780-B7E8-EA95F439DE18}.Release|Mixed Platforms.ActiveCfg = Release|x86
		{17CD61F9-4103-4780-B7E8-EA95F439DE18}.Release|Mixed Platforms.Build.0 = Release|x86
		{17CD61F9-4103-4780-B7E8-EA95F439DE18}.Release|x86.ActiveCfg = Release|x86
		{17CD61F9-4103-4780-B7E8-EA95F439DE18}.Release|x86.Build.0 = Release|x86
		{17CD61F9-4103-4780-B7E8-EA95F439DE18}.Wpf|Any CPU.ActiveCfg = Wpf|Any CPU
		{17CD61F9-4103-4780-B7E8-EA95F439DE18}.Wpf|Any CPU.Build.0 = Wpf|Any CPU
		{17CD61F9-4103-4780-B7E8-EA95F439DE18}.Wpf|Mixed Platforms.ActiveCfg = Wpf|x86
		{17CD61F9-4103-4780-B7E8-EA95F439DE18}.Wpf|Mixed Platforms.Build.0 = Wpf|x86
		{17CD61F9-4103-4780-B7E8-EA95F439DE18}.Wpf|x86.ActiveCfg = Wpf|x86
		{6E8DF0FA-F9D6-496D-AE08-99C3B7EC757C}.Debug|Any CPU.ActiveCfg = Debug|x86
		{6E8DF0FA-F9D6-496D-AE08-99C3B7EC757C}.Debug|Mixed Platforms.ActiveCfg = Debug|x86
		{6E8DF0FA-F9D6-496D-AE08-99C3B7EC757C}.Debug|Mixed Platforms.Build.0 = Debug|x86
		{6E8DF0FA-F9D6-496D-AE08-99C3B7EC757C}.Debug|x86.ActiveCfg = Debug|x86
		{6E8DF0FA-F9D6-496D-AE08-99C3B7EC757C}.Debug|x86.Build.0 = Debug|x86
		{6E8DF0FA-F9D6-496D-AE08-99C3B7EC757C}.no_exe|Any CPU.ActiveCfg = Wpf|x86
		{6E8DF0FA-F9D6-496D-AE08-99C3B7EC757C}.no_exe|Mixed Platforms.ActiveCfg = Wpf|x86
		{6E8DF0FA-F9D6-496D-AE08-99C3B7EC757C}.no_exe|x86.ActiveCfg = Wpf|x86
		{6E8DF0FA-F9D6-496D-AE08-99C3B7EC757C}.Release|Any CPU.ActiveCfg = Release|x86
		{6E8DF0FA-F9D6-496D-AE08-99C3B7EC757C}.Release|Mixed Platforms.ActiveCfg = Release|x86
		{6E8DF0FA-F9D6-496D-AE08-99C3B7EC757C}.Release|Mixed Platforms.Build.0 = Release|x86
		{6E8DF0FA-F9D6-496D-AE08-99C3B7EC757C}.Release|x86.ActiveCfg = Release|x86
		{6E8DF0FA-F9D6-496D-AE08-99C3B7EC757C}.Release|x86.Build.0 = Release|x86
		{6E8DF0FA-F9D6-496D-AE08-99C3B7EC757C}.Wpf|Any CPU.ActiveCfg = Wpf|x86
		{6E8DF0FA-F9D6-496D-AE08-99C3B7EC757C}.Wpf|Mixed Platforms.ActiveCfg = Wpf|x86
		{6E8DF0FA-F9D6-496D-AE08-99C3B7EC757C}.Wpf|Mixed Platforms.Build.0 = Wpf|x86
		{6E8DF0FA-F9D6-496D-AE08-99C3B7EC757C}.Wpf|x86.ActiveCfg = Wpf|x86
		{D327180B-6D7A-4461-8CE0-64BF9CC0A809}.Debug|Any CPU.ActiveCfg = Debug|Any CPU
		{D327180B-6D7A-4461-8CE0-64BF9CC0A809}.Debug|Any CPU.Build.0 = Debug|Any CPU
		{D327180B-6D7A-4461-8CE0-64BF9CC0A809}.Debug|Mixed Platforms.ActiveCfg = Debug|x86
		{D327180B-6D7A-4461-8CE0-64BF9CC0A809}.Debug|Mixed Platforms.Build.0 = Debug|x86
		{D327180B-6D7A-4461-8CE0-64BF9CC0A809}.Debug|x86.ActiveCfg = Debug|x86
		{D327180B-6D7A-4461-8CE0-64BF9CC0A809}.Debug|x86.Build.0 = Debug|x86
		{D327180B-6D7A-4461-8CE0-64BF9CC0A809}.no_exe|Any CPU.ActiveCfg = Wpf|Any CPU
		{D327180B-6D7A-4461-8CE0-64BF9CC0A809}.no_exe|Mixed Platforms.ActiveCfg = Wpf|x86
		{D327180B-6D7A-4461-8CE0-64BF9CC0A809}.no_exe|x86.ActiveCfg = Wpf|x86
		{D327180B-6D7A-4461-8CE0-64BF9CC0A809}.Release|Any CPU.ActiveCfg = Release|Any CPU
		{D327180B-6D7A-4461-8CE0-64BF9CC0A809}.Release|Any CPU.Build.0 = Release|Any CPU
		{D327180B-6D7A-4461-8CE0-64BF9CC0A809}.Release|Mixed Platforms.ActiveCfg = Release|x86
		{D327180B-6D7A-4461-8CE0-64BF9CC0A809}.Release|Mixed Platforms.Build.0 = Release|x86
		{D327180B-6D7A-4461-8CE0-64BF9CC0A809}.Release|x86.ActiveCfg = Release|x86
		{D327180B-6D7A-4461-8CE0-64BF9CC0A809}.Release|x86.Build.0 = Release|x86
		{D327180B-6D7A-4461-8CE0-64BF9CC0A809}.Wpf|Any CPU.ActiveCfg = Wpf|Any CPU
		{D327180B-6D7A-4461-8CE0-64BF9CC0A809}.Wpf|Any CPU.Build.0 = Wpf|Any CPU
		{D327180B-6D7A-4461-8CE0-64BF9CC0A809}.Wpf|Mixed Platforms.ActiveCfg = Wpf|x86
		{D327180B-6D7A-4461-8CE0-64BF9CC0A809}.Wpf|Mixed Platforms.Build.0 = Wpf|x86
		{D327180B-6D7A-4461-8CE0-64BF9CC0A809}.Wpf|x86.ActiveCfg = Wpf|x86
		{88C1A100-A8C6-4C06-AE37-EA5163F57344}.Debug|Any CPU.ActiveCfg = Debug|Any CPU
		{88C1A100-A8C6-4C06-AE37-EA5163F57344}.Debug|Any CPU.Build.0 = Debug|Any CPU
		{88C1A100-A8C6-4C06-AE37-EA5163F57344}.Debug|Mixed Platforms.ActiveCfg = Debug|x86
		{88C1A100-A8C6-4C06-AE37-EA5163F57344}.Debug|Mixed Platforms.Build.0 = Debug|x86
		{88C1A100-A8C6-4C06-AE37-EA5163F57344}.Debug|x86.ActiveCfg = Debug|x86
		{88C1A100-A8C6-4C06-AE37-EA5163F57344}.Debug|x86.Build.0 = Debug|x86
		{88C1A100-A8C6-4C06-AE37-EA5163F57344}.no_exe|Any CPU.ActiveCfg = Wpf|Any CPU
		{88C1A100-A8C6-4C06-AE37-EA5163F57344}.no_exe|Mixed Platforms.ActiveCfg = Wpf|x86
		{88C1A100-A8C6-4C06-AE37-EA5163F57344}.no_exe|x86.ActiveCfg = Wpf|x86
		{88C1A100-A8C6-4C06-AE37-EA5163F57344}.Release|Any CPU.ActiveCfg = Release|Any CPU
		{88C1A100-A8C6-4C06-AE37-EA5163F57344}.Release|Any CPU.Build.0 = Release|Any CPU
		{88C1A100-A8C6-4C06-AE37-EA5163F57344}.Release|Mixed Platforms.ActiveCfg = Release|x86
		{88C1A100-A8C6-4C06-AE37-EA5163F57344}.Release|Mixed Platforms.Build.0 = Release|x86
		{88C1A100-A8C6-4C06-AE37-EA5163F57344}.Release|x86.ActiveCfg = Release|x86
		{88C1A100-A8C6-4C06-AE37-EA5163F57344}.Release|x86.Build.0 = Release|x86
		{88C1A100-A8C6-4C06-AE37-EA5163F57344}.Wpf|Any CPU.ActiveCfg = Wpf|Any CPU
		{88C1A100-A8C6-4C06-AE37-EA5163F57344}.Wpf|Any CPU.Build.0 = Wpf|Any CPU
		{88C1A100-A8C6-4C06-AE37-EA5163F57344}.Wpf|Mixed Platforms.ActiveCfg = Wpf|x86
		{88C1A100-A8C6-4C06-AE37-EA5163F57344}.Wpf|Mixed Platforms.Build.0 = Wpf|x86
		{88C1A100-A8C6-4C06-AE37-EA5163F57344}.Wpf|x86.ActiveCfg = Wpf|x86
		{B0F5BB4E-8391-40E3-B2BD-AF8EEBDE05E4}.Debug|Any CPU.ActiveCfg = Debug|Any CPU
		{B0F5BB4E-8391-40E3-B2BD-AF8EEBDE05E4}.Debug|Any CPU.Build.0 = Debug|Any CPU
		{B0F5BB4E-8391-40E3-B2BD-AF8EEBDE05E4}.Debug|Mixed Platforms.ActiveCfg = Debug|x86
		{B0F5BB4E-8391-40E3-B2BD-AF8EEBDE05E4}.Debug|Mixed Platforms.Build.0 = Debug|x86
		{B0F5BB4E-8391-40E3-B2BD-AF8EEBDE05E4}.Debug|x86.ActiveCfg = Debug|x86
		{B0F5BB4E-8391-40E3-B2BD-AF8EEBDE05E4}.Debug|x86.Build.0 = Debug|x86
		{B0F5BB4E-8391-40E3-B2BD-AF8EEBDE05E4}.no_exe|Any CPU.ActiveCfg = Wpf|Any CPU
		{B0F5BB4E-8391-40E3-B2BD-AF8EEBDE05E4}.no_exe|Mixed Platforms.ActiveCfg = Wpf|x86
		{B0F5BB4E-8391-40E3-B2BD-AF8EEBDE05E4}.no_exe|x86.ActiveCfg = Wpf|x86
		{B0F5BB4E-8391-40E3-B2BD-AF8EEBDE05E4}.Release|Any CPU.ActiveCfg = Release|Any CPU
		{B0F5BB4E-8391-40E3-B2BD-AF8EEBDE05E4}.Release|Any CPU.Build.0 = Release|Any CPU
		{B0F5BB4E-8391-40E3-B2BD-AF8EEBDE05E4}.Release|Mixed Platforms.ActiveCfg = Release|x86
		{B0F5BB4E-8391-40E3-B2BD-AF8EEBDE05E4}.Release|Mixed Platforms.Build.0 = Release|x86
		{B0F5BB4E-8391-40E3-B2BD-AF8EEBDE05E4}.Release|x86.ActiveCfg = Release|x86
		{B0F5BB4E-8391-40E3-B2BD-AF8EEBDE05E4}.Release|x86.Build.0 = Release|x86
		{B0F5BB4E-8391-40E3-B2BD-AF8EEBDE05E4}.Wpf|Any CPU.ActiveCfg = Wpf|Any CPU
		{B0F5BB4E-8391-40E3-B2BD-AF8EEBDE05E4}.Wpf|Any CPU.Build.0 = Wpf|Any CPU
		{B0F5BB4E-8391-40E3-B2BD-AF8EEBDE05E4}.Wpf|Mixed Platforms.ActiveCfg = Wpf|x86
		{B0F5BB4E-8391-40E3-B2BD-AF8EEBDE05E4}.Wpf|Mixed Platforms.Build.0 = Wpf|x86
		{B0F5BB4E-8391-40E3-B2BD-AF8EEBDE05E4}.Wpf|x86.ActiveCfg = Wpf|x86
		{35DA336C-E235-484C-90DA-8CD5C71997FF}.Debug|Any CPU.ActiveCfg = Debug|Any CPU
		{35DA336C-E235-484C-90DA-8CD5C71997FF}.Debug|Any CPU.Build.0 = Debug|Any CPU
		{35DA336C-E235-484C-90DA-8CD5C71997FF}.Debug|Mixed Platforms.ActiveCfg = Debug|x86
		{35DA336C-E235-484C-90DA-8CD5C71997FF}.Debug|Mixed Platforms.Build.0 = Debug|x86
		{35DA336C-E235-484C-90DA-8CD5C71997FF}.Debug|x86.ActiveCfg = Debug|x86
		{35DA336C-E235-484C-90DA-8CD5C71997FF}.Debug|x86.Build.0 = Debug|x86
		{35DA336C-E235-484C-90DA-8CD5C71997FF}.no_exe|Any CPU.ActiveCfg = Wpf|Any CPU
		{35DA336C-E235-484C-90DA-8CD5C71997FF}.no_exe|Mixed Platforms.ActiveCfg = Wpf|x86
		{35DA336C-E235-484C-90DA-8CD5C71997FF}.no_exe|x86.ActiveCfg = Wpf|x86
		{35DA336C-E235-484C-90DA-8CD5C71997FF}.Release|Any CPU.ActiveCfg = Release|Any CPU
		{35DA336C-E235-484C-90DA-8CD5C71997FF}.Release|Any CPU.Build.0 = Release|Any CPU
		{35DA336C-E235-484C-90DA-8CD5C71997FF}.Release|Mixed Platforms.ActiveCfg = Release|x86
		{35DA336C-E235-484C-90DA-8CD5C71997FF}.Release|Mixed Platforms.Build.0 = Release|x86
		{35DA336C-E235-484C-90DA-8CD5C71997FF}.Release|x86.ActiveCfg = Release|x86
		{35DA336C-E235-484C-90DA-8CD5C71997FF}.Release|x86.Build.0 = Release|x86
		{35DA336C-E235-484C-90DA-8CD5C71997FF}.Wpf|Any CPU.ActiveCfg = Wpf|Any CPU
		{35DA336C-E235-484C-90DA-8CD5C71997FF}.Wpf|Any CPU.Build.0 = Wpf|Any CPU
		{35DA336C-E235-484C-90DA-8CD5C71997FF}.Wpf|Mixed Platforms.ActiveCfg = Wpf|x86
		{35DA336C-E235-484C-90DA-8CD5C71997FF}.Wpf|Mixed Platforms.Build.0 = Wpf|x86
		{35DA336C-E235-484C-90DA-8CD5C71997FF}.Wpf|x86.ActiveCfg = Wpf|x86
		{F9B6DABD-BBC1-4638-8CE6-A5C9506BFDCB}.Debug|Any CPU.ActiveCfg = Debug|Any CPU
		{F9B6DABD-BBC1-4638-8CE6-A5C9506BFDCB}.Debug|Any CPU.Build.0 = Debug|Any CPU
		{F9B6DABD-BBC1-4638-8CE6-A5C9506BFDCB}.Debug|Mixed Platforms.ActiveCfg = Debug|x86
		{F9B6DABD-BBC1-4638-8CE6-A5C9506BFDCB}.Debug|Mixed Platforms.Build.0 = Debug|x86
		{F9B6DABD-BBC1-4638-8CE6-A5C9506BFDCB}.Debug|x86.ActiveCfg = Debug|x86
		{F9B6DABD-BBC1-4638-8CE6-A5C9506BFDCB}.Debug|x86.Build.0 = Debug|x86
		{F9B6DABD-BBC1-4638-8CE6-A5C9506BFDCB}.no_exe|Any CPU.ActiveCfg = Wpf|Any CPU
		{F9B6DABD-BBC1-4638-8CE6-A5C9506BFDCB}.no_exe|Mixed Platforms.ActiveCfg = Wpf|x86
		{F9B6DABD-BBC1-4638-8CE6-A5C9506BFDCB}.no_exe|x86.ActiveCfg = Wpf|x86
		{F9B6DABD-BBC1-4638-8CE6-A5C9506BFDCB}.Release|Any CPU.ActiveCfg = Release|Any CPU
		{F9B6DABD-BBC1-4638-8CE6-A5C9506BFDCB}.Release|Any CPU.Build.0 = Release|Any CPU
		{F9B6DABD-BBC1-4638-8CE6-A5C9506BFDCB}.Release|Mixed Platforms.ActiveCfg = Release|x86
		{F9B6DABD-BBC1-4638-8CE6-A5C9506BFDCB}.Release|Mixed Platforms.Build.0 = Release|x86
		{F9B6DABD-BBC1-4638-8CE6-A5C9506BFDCB}.Release|x86.ActiveCfg = Release|x86
		{F9B6DABD-BBC1-4638-8CE6-A5C9506BFDCB}.Release|x86.Build.0 = Release|x86
		{F9B6DABD-BBC1-4638-8CE6-A5C9506BFDCB}.Wpf|Any CPU.ActiveCfg = Wpf|Any CPU
		{F9B6DABD-BBC1-4638-8CE6-A5C9506BFDCB}.Wpf|Any CPU.Build.0 = Wpf|Any CPU
		{F9B6DABD-BBC1-4638-8CE6-A5C9506BFDCB}.Wpf|Mixed Platforms.ActiveCfg = Wpf|x86
		{F9B6DABD-BBC1-4638-8CE6-A5C9506BFDCB}.Wpf|Mixed Platforms.Build.0 = Wpf|x86
		{F9B6DABD-BBC1-4638-8CE6-A5C9506BFDCB}.Wpf|x86.ActiveCfg = Wpf|x86
		{A41C2CC3-053D-4C52-AE99-ED7D9C43E7DC}.Debug|Any CPU.ActiveCfg = Debug|Any CPU
		{A41C2CC3-053D-4C52-AE99-ED7D9C43E7DC}.Debug|Any CPU.Build.0 = Debug|Any CPU
		{A41C2CC3-053D-4C52-AE99-ED7D9C43E7DC}.Debug|Mixed Platforms.ActiveCfg = Debug|x86
		{A41C2CC3-053D-4C52-AE99-ED7D9C43E7DC}.Debug|Mixed Platforms.Build.0 = Debug|x86
		{A41C2CC3-053D-4C52-AE99-ED7D9C43E7DC}.Debug|x86.ActiveCfg = Debug|x86
		{A41C2CC3-053D-4C52-AE99-ED7D9C43E7DC}.Debug|x86.Build.0 = Debug|x86
		{A41C2CC3-053D-4C52-AE99-ED7D9C43E7DC}.no_exe|Any CPU.ActiveCfg = Wpf|Any CPU
		{A41C2CC3-053D-4C52-AE99-ED7D9C43E7DC}.no_exe|Mixed Platforms.ActiveCfg = Wpf|x86
		{A41C2CC3-053D-4C52-AE99-ED7D9C43E7DC}.no_exe|x86.ActiveCfg = Wpf|x86
		{A41C2CC3-053D-4C52-AE99-ED7D9C43E7DC}.Release|Any CPU.ActiveCfg = Release|Any CPU
		{A41C2CC3-053D-4C52-AE99-ED7D9C43E7DC}.Release|Any CPU.Build.0 = Release|Any CPU
		{A41C2CC3-053D-4C52-AE99-ED7D9C43E7DC}.Release|Mixed Platforms.ActiveCfg = Release|x86
		{A41C2CC3-053D-4C52-AE99-ED7D9C43E7DC}.Release|Mixed Platforms.Build.0 = Release|x86
		{A41C2CC3-053D-4C52-AE99-ED7D9C43E7DC}.Release|x86.ActiveCfg = Release|x86
		{A41C2CC3-053D-4C52-AE99-ED7D9C43E7DC}.Release|x86.Build.0 = Release|x86
		{A41C2CC3-053D-4C52-AE99-ED7D9C43E7DC}.Wpf|Any CPU.ActiveCfg = Wpf|Any CPU
		{A41C2CC3-053D-4C52-AE99-ED7D9C43E7DC}.Wpf|Any CPU.Build.0 = Wpf|Any CPU
		{A41C2CC3-053D-4C52-AE99-ED7D9C43E7DC}.Wpf|Mixed Platforms.ActiveCfg = Wpf|x86
		{A41C2CC3-053D-4C52-AE99-ED7D9C43E7DC}.Wpf|Mixed Platforms.Build.0 = Wpf|x86
		{A41C2CC3-053D-4C52-AE99-ED7D9C43E7DC}.Wpf|x86.ActiveCfg = Wpf|x86
		{FC7845FA-13FE-4FF8-822A-A577F3F59B00}.Debug|Any CPU.ActiveCfg = Debug|x86
		{FC7845FA-13FE-4FF8-822A-A577F3F59B00}.Debug|Mixed Platforms.ActiveCfg = Debug|x86
		{FC7845FA-13FE-4FF8-822A-A577F3F59B00}.Debug|Mixed Platforms.Build.0 = Debug|x86
		{FC7845FA-13FE-4FF8-822A-A577F3F59B00}.Debug|x86.ActiveCfg = Debug|x86
		{FC7845FA-13FE-4FF8-822A-A577F3F59B00}.Debug|x86.Build.0 = Debug|x86
		{FC7845FA-13FE-4FF8-822A-A577F3F59B00}.no_exe|Any CPU.ActiveCfg = Wpf|x86
		{FC7845FA-13FE-4FF8-822A-A577F3F59B00}.no_exe|Mixed Platforms.ActiveCfg = Wpf|x86
		{FC7845FA-13FE-4FF8-822A-A577F3F59B00}.no_exe|Mixed Platforms.Build.0 = Wpf|x86
		{FC7845FA-13FE-4FF8-822A-A577F3F59B00}.no_exe|x86.ActiveCfg = Wpf|x86
		{FC7845FA-13FE-4FF8-822A-A577F3F59B00}.no_exe|x86.Build.0 = Wpf|x86
		{FC7845FA-13FE-4FF8-822A-A577F3F59B00}.Release|Any CPU.ActiveCfg = Release|x86
		{FC7845FA-13FE-4FF8-822A-A577F3F59B00}.Release|Mixed Platforms.ActiveCfg = Release|x86
		{FC7845FA-13FE-4FF8-822A-A577F3F59B00}.Release|Mixed Platforms.Build.0 = Release|x86
		{FC7845FA-13FE-4FF8-822A-A577F3F59B00}.Release|x86.ActiveCfg = Release|x86
		{FC7845FA-13FE-4FF8-822A-A577F3F59B00}.Release|x86.Build.0 = Release|x86
		{FC7845FA-13FE-4FF8-822A-A577F3F59B00}.Wpf|Any CPU.ActiveCfg = Wpf|x86
		{FC7845FA-13FE-4FF8-822A-A577F3F59B00}.Wpf|Mixed Platforms.ActiveCfg = Wpf|x86
		{FC7845FA-13FE-4FF8-822A-A577F3F59B00}.Wpf|Mixed Platforms.Build.0 = Wpf|x86
		{FC7845FA-13FE-4FF8-822A-A577F3F59B00}.Wpf|x86.ActiveCfg = Wpf|x86
		{FC7845FA-13FE-4FF8-822A-A577F3F59B00}.Wpf|x86.Build.0 = Wpf|x86
		{0A850700-1ABB-4288-A391-6726B90EBEB9}.Debug|Any CPU.ActiveCfg = Debug|x86
		{0A850700-1ABB-4288-A391-6726B90EBEB9}.Debug|Mixed Platforms.ActiveCfg = Debug|x86
		{0A850700-1ABB-4288-A391-6726B90EBEB9}.Debug|Mixed Platforms.Build.0 = Debug|x86
		{0A850700-1ABB-4288-A391-6726B90EBEB9}.Debug|x86.ActiveCfg = Debug|x86
		{0A850700-1ABB-4288-A391-6726B90EBEB9}.Debug|x86.Build.0 = Debug|x86
		{0A850700-1ABB-4288-A391-6726B90EBEB9}.Debug|x86.Deploy.0 = Debug|x86
		{0A850700-1ABB-4288-A391-6726B90EBEB9}.no_exe|Any CPU.ActiveCfg = no_exe|x86
		{0A850700-1ABB-4288-A391-6726B90EBEB9}.no_exe|Mixed Platforms.ActiveCfg = no_exe|x86
		{0A850700-1ABB-4288-A391-6726B90EBEB9}.no_exe|Mixed Platforms.Build.0 = no_exe|x86
		{0A850700-1ABB-4288-A391-6726B90EBEB9}.no_exe|x86.ActiveCfg = no_exe|x86
		{0A850700-1ABB-4288-A391-6726B90EBEB9}.no_exe|x86.Build.0 = no_exe|x86
		{0A850700-1ABB-4288-A391-6726B90EBEB9}.Release|Any CPU.ActiveCfg = Release|x86
		{0A850700-1ABB-4288-A391-6726B90EBEB9}.Release|Mixed Platforms.ActiveCfg = Release|x86
		{0A850700-1ABB-4288-A391-6726B90EBEB9}.Release|Mixed Platforms.Build.0 = Release|x86
		{0A850700-1ABB-4288-A391-6726B90EBEB9}.Release|x86.ActiveCfg = Release|x86
		{0A850700-1ABB-4288-A391-6726B90EBEB9}.Release|x86.Build.0 = Release|x86
		{0A850700-1ABB-4288-A391-6726B90EBEB9}.Wpf|Any CPU.ActiveCfg = Wpf|x86
		{0A850700-1ABB-4288-A391-6726B90EBEB9}.Wpf|Mixed Platforms.ActiveCfg = Wpf|x86
		{0A850700-1ABB-4288-A391-6726B90EBEB9}.Wpf|Mixed Platforms.Build.0 = Wpf|x86
		{0A850700-1ABB-4288-A391-6726B90EBEB9}.Wpf|x86.ActiveCfg = Wpf|x86
		{0A850700-1ABB-4288-A391-6726B90EBEB9}.Wpf|x86.Build.0 = Wpf|x86
		{0A850700-1ABB-4288-A391-6726B90EBEB9}.Wpf|x86.Deploy.0 = Wpf|x86
		{3681ADA2-B2F3-4157-A603-82C742379856}.Debug|Any CPU.ActiveCfg = Debug|x86
		{3681ADA2-B2F3-4157-A603-82C742379856}.Debug|Mixed Platforms.ActiveCfg = Debug|x86
		{3681ADA2-B2F3-4157-A603-82C742379856}.Debug|Mixed Platforms.Build.0 = Debug|x86
		{3681ADA2-B2F3-4157-A603-82C742379856}.Debug|x86.ActiveCfg = Debug|x86
		{3681ADA2-B2F3-4157-A603-82C742379856}.Debug|x86.Build.0 = Debug|x86
		{3681ADA2-B2F3-4157-A603-82C742379856}.no_exe|Any CPU.ActiveCfg = Wpf|x86
		{3681ADA2-B2F3-4157-A603-82C742379856}.no_exe|Mixed Platforms.ActiveCfg = Wpf|x86
		{3681ADA2-B2F3-4157-A603-82C742379856}.no_exe|Mixed Platforms.Build.0 = Wpf|x86
		{3681ADA2-B2F3-4157-A603-82C742379856}.no_exe|x86.ActiveCfg = Wpf|x86
		{3681ADA2-B2F3-4157-A603-82C742379856}.no_exe|x86.Build.0 = Wpf|x86
		{3681ADA2-B2F3-4157-A603-82C742379856}.Release|Any CPU.ActiveCfg = Release|x86
		{3681ADA2-B2F3-4157-A603-82C742379856}.Release|Mixed Platforms.ActiveCfg = Release|x86
		{3681ADA2-B2F3-4157-A603-82C742379856}.Release|Mixed Platforms.Build.0 = Release|x86
		{3681ADA2-B2F3-4157-A603-82C742379856}.Release|x86.ActiveCfg = Release|x86
		{3681ADA2-B2F3-4157-A603-82C742379856}.Release|x86.Build.0 = Release|x86
		{3681ADA2-B2F3-4157-A603-82C742379856}.Wpf|Any CPU.ActiveCfg = Wpf|x86
		{3681ADA2-B2F3-4157-A603-82C742379856}.Wpf|Mixed Platforms.ActiveCfg = Wpf|x86
		{3681ADA2-B2F3-4157-A603-82C742379856}.Wpf|Mixed Platforms.Build.0 = Wpf|x86
		{3681ADA2-B2F3-4157-A603-82C742379856}.Wpf|x86.ActiveCfg = Wpf|x86
		{3681ADA2-B2F3-4157-A603-82C742379856}.Wpf|x86.Build.0 = Wpf|x86
		{052F9BB6-A8E8-447C-934D-616A7FA3D81C}.Debug|Any CPU.ActiveCfg = Debug|Any CPU
		{052F9BB6-A8E8-447C-934D-616A7FA3D81C}.Debug|Mixed Platforms.ActiveCfg = Debug|Any CPU
		{052F9BB6-A8E8-447C-934D-616A7FA3D81C}.Debug|x86.ActiveCfg = Debug|Any CPU
		{052F9BB6-A8E8-447C-934D-616A7FA3D81C}.no_exe|Any CPU.ActiveCfg = Release|Any CPU
		{052F9BB6-A8E8-447C-934D-616A7FA3D81C}.no_exe|Mixed Platforms.ActiveCfg = Release|Any CPU
		{052F9BB6-A8E8-447C-934D-616A7FA3D81C}.no_exe|x86.ActiveCfg = Release|Any CPU
		{052F9BB6-A8E8-447C-934D-616A7FA3D81C}.Release|Any CPU.ActiveCfg = Release|Any CPU
		{052F9BB6-A8E8-447C-934D-616A7FA3D81C}.Release|Mixed Platforms.ActiveCfg = Release|Any CPU
		{052F9BB6-A8E8-447C-934D-616A7FA3D81C}.Release|x86.ActiveCfg = Release|Any CPU
		{052F9BB6-A8E8-447C-934D-616A7FA3D81C}.Wpf|Any CPU.ActiveCfg = Release|Any CPU
		{052F9BB6-A8E8-447C-934D-616A7FA3D81C}.Wpf|Mixed Platforms.ActiveCfg = Release|Any CPU
		{052F9BB6-A8E8-447C-934D-616A7FA3D81C}.Wpf|x86.ActiveCfg = Release|Any CPU
		{167938E9-7883-4D27-A78A-3A1C20F0FE90}.Debug|Any CPU.ActiveCfg = Debug|Any CPU
		{167938E9-7883-4D27-A78A-3A1C20F0FE90}.Debug|Any CPU.Build.0 = Debug|Any CPU
		{167938E9-7883-4D27-A78A-3A1C20F0FE90}.Debug|Mixed Platforms.ActiveCfg = Debug|x86
		{167938E9-7883-4D27-A78A-3A1C20F0FE90}.Debug|Mixed Platforms.Build.0 = Debug|x86
		{167938E9-7883-4D27-A78A-3A1C20F0FE90}.Debug|x86.ActiveCfg = Debug|x86
		{167938E9-7883-4D27-A78A-3A1C20F0FE90}.Debug|x86.Build.0 = Debug|x86
		{167938E9-7883-4D27-A78A-3A1C20F0FE90}.no_exe|Any CPU.ActiveCfg = Wpf|Any CPU
		{167938E9-7883-4D27-A78A-3A1C20F0FE90}.no_exe|Mixed Platforms.ActiveCfg = Wpf|x86
		{167938E9-7883-4D27-A78A-3A1C20F0FE90}.no_exe|x86.ActiveCfg = Wpf|x86
		{167938E9-7883-4D27-A78A-3A1C20F0FE90}.Release|Any CPU.ActiveCfg = Release|Any CPU
		{167938E9-7883-4D27-A78A-3A1C20F0FE90}.Release|Any CPU.Build.0 = Release|Any CPU
		{167938E9-7883-4D27-A78A-3A1C20F0FE90}.Release|Mixed Platforms.ActiveCfg = Release|x86
		{167938E9-7883-4D27-A78A-3A1C20F0FE90}.Release|Mixed Platforms.Build.0 = Release|x86
		{167938E9-7883-4D27-A78A-3A1C20F0FE90}.Release|x86.ActiveCfg = Release|x86
		{167938E9-7883-4D27-A78A-3A1C20F0FE90}.Release|x86.Build.0 = Release|x86
		{167938E9-7883-4D27-A78A-3A1C20F0FE90}.Wpf|Any CPU.ActiveCfg = Wpf|Any CPU
		{167938E9-7883-4D27-A78A-3A1C20F0FE90}.Wpf|Any CPU.Build.0 = Wpf|Any CPU
		{167938E9-7883-4D27-A78A-3A1C20F0FE90}.Wpf|Mixed Platforms.ActiveCfg = Wpf|x86
		{167938E9-7883-4D27-A78A-3A1C20F0FE90}.Wpf|Mixed Platforms.Build.0 = Wpf|x86
		{167938E9-7883-4D27-A78A-3A1C20F0FE90}.Wpf|x86.ActiveCfg = Wpf|x86
		{36BC8717-BF0F-4E78-8494-2309CE1FFEDB}.Debug|Any CPU.ActiveCfg = Debug|Any CPU
		{36BC8717-BF0F-4E78-8494-2309CE1FFEDB}.Debug|Mixed Platforms.ActiveCfg = Debug|Any CPU
		{36BC8717-BF0F-4E78-8494-2309CE1FFEDB}.Debug|x86.ActiveCfg = Debug|Any CPU
		{36BC8717-BF0F-4E78-8494-2309CE1FFEDB}.no_exe|Any CPU.ActiveCfg = Release|Any CPU
		{36BC8717-BF0F-4E78-8494-2309CE1FFEDB}.no_exe|Mixed Platforms.ActiveCfg = Release|Any CPU
		{36BC8717-BF0F-4E78-8494-2309CE1FFEDB}.no_exe|x86.ActiveCfg = Release|Any CPU
		{36BC8717-BF0F-4E78-8494-2309CE1FFEDB}.Release|Any CPU.ActiveCfg = Release|Any CPU
		{36BC8717-BF0F-4E78-8494-2309CE1FFEDB}.Release|Mixed Platforms.ActiveCfg = Release|Any CPU
		{36BC8717-BF0F-4E78-8494-2309CE1FFEDB}.Release|x86.ActiveCfg = Release|Any CPU
		{36BC8717-BF0F-4E78-8494-2309CE1FFEDB}.Wpf|Any CPU.ActiveCfg = Release|Any CPU
		{36BC8717-BF0F-4E78-8494-2309CE1FFEDB}.Wpf|Mixed Platforms.ActiveCfg = Release|Any CPU
		{36BC8717-BF0F-4E78-8494-2309CE1FFEDB}.Wpf|x86.ActiveCfg = Release|Any CPU
		{9C9A4AF7-8548-48D3-891A-CFB0CA07734E}.Debug|Any CPU.ActiveCfg = Debug|Any CPU
		{9C9A4AF7-8548-48D3-891A-CFB0CA07734E}.Debug|Any CPU.Build.0 = Debug|Any CPU
		{9C9A4AF7-8548-48D3-891A-CFB0CA07734E}.Debug|Mixed Platforms.ActiveCfg = Debug|x86
		{9C9A4AF7-8548-48D3-891A-CFB0CA07734E}.Debug|Mixed Platforms.Build.0 = Debug|x86
		{9C9A4AF7-8548-48D3-891A-CFB0CA07734E}.Debug|x86.ActiveCfg = Debug|x86
		{9C9A4AF7-8548-48D3-891A-CFB0CA07734E}.Debug|x86.Build.0 = Debug|x86
		{9C9A4AF7-8548-48D3-891A-CFB0CA07734E}.no_exe|Any CPU.ActiveCfg = no_exe|Any CPU
		{9C9A4AF7-8548-48D3-891A-CFB0CA07734E}.no_exe|Any CPU.Build.0 = no_exe|Any CPU
		{9C9A4AF7-8548-48D3-891A-CFB0CA07734E}.no_exe|Mixed Platforms.ActiveCfg = no_exe|x86
		{9C9A4AF7-8548-48D3-891A-CFB0CA07734E}.no_exe|Mixed Platforms.Build.0 = no_exe|x86
		{9C9A4AF7-8548-48D3-891A-CFB0CA07734E}.no_exe|x86.ActiveCfg = no_exe|x86
		{9C9A4AF7-8548-48D3-891A-CFB0CA07734E}.no_exe|x86.Build.0 = no_exe|x86
		{9C9A4AF7-8548-48D3-891A-CFB0CA07734E}.Release|Any CPU.ActiveCfg = Release|Any CPU
		{9C9A4AF7-8548-48D3-891A-CFB0CA07734E}.Release|Any CPU.Build.0 = Release|Any CPU
		{9C9A4AF7-8548-48D3-891A-CFB0CA07734E}.Release|Mixed Platforms.ActiveCfg = Release|x86
		{9C9A4AF7-8548-48D3-891A-CFB0CA07734E}.Release|Mixed Platforms.Build.0 = Release|x86
		{9C9A4AF7-8548-48D3-891A-CFB0CA07734E}.Release|x86.ActiveCfg = Release|x86
		{9C9A4AF7-8548-48D3-891A-CFB0CA07734E}.Release|x86.Build.0 = Release|x86
		{9C9A4AF7-8548-48D3-891A-CFB0CA07734E}.Wpf|Any CPU.ActiveCfg = Wpf|Any CPU
		{9C9A4AF7-8548-48D3-891A-CFB0CA07734E}.Wpf|Any CPU.Build.0 = Wpf|Any CPU
		{9C9A4AF7-8548-48D3-891A-CFB0CA07734E}.Wpf|Mixed Platforms.ActiveCfg = Wpf|x86
		{9C9A4AF7-8548-48D3-891A-CFB0CA07734E}.Wpf|Mixed Platforms.Build.0 = Wpf|x86
		{9C9A4AF7-8548-48D3-891A-CFB0CA07734E}.Wpf|x86.ActiveCfg = Wpf|x86
		{9C9A4AF7-8548-48D3-891A-CFB0CA07734E}.Wpf|x86.Build.0 = Wpf|x86
		{5F029001-1BDE-48F7-B714-42C9735B9993}.Debug|Any CPU.ActiveCfg = Debug|Any CPU
		{5F029001-1BDE-48F7-B714-42C9735B9993}.Debug|Any CPU.Build.0 = Debug|Any CPU
		{5F029001-1BDE-48F7-B714-42C9735B9993}.Debug|Mixed Platforms.ActiveCfg = Debug|x86
		{5F029001-1BDE-48F7-B714-42C9735B9993}.Debug|Mixed Platforms.Build.0 = Debug|x86
		{5F029001-1BDE-48F7-B714-42C9735B9993}.Debug|x86.ActiveCfg = Debug|x86
		{5F029001-1BDE-48F7-B714-42C9735B9993}.Debug|x86.Build.0 = Debug|x86
		{5F029001-1BDE-48F7-B714-42C9735B9993}.no_exe|Any CPU.ActiveCfg = no_exe|Any CPU
		{5F029001-1BDE-48F7-B714-42C9735B9993}.no_exe|Any CPU.Build.0 = no_exe|Any CPU
		{5F029001-1BDE-48F7-B714-42C9735B9993}.no_exe|Mixed Platforms.ActiveCfg = no_exe|x86
		{5F029001-1BDE-48F7-B714-42C9735B9993}.no_exe|Mixed Platforms.Build.0 = no_exe|x86
		{5F029001-1BDE-48F7-B714-42C9735B9993}.no_exe|x86.ActiveCfg = no_exe|x86
		{5F029001-1BDE-48F7-B714-42C9735B9993}.no_exe|x86.Build.0 = no_exe|x86
		{5F029001-1BDE-48F7-B714-42C9735B9993}.Release|Any CPU.ActiveCfg = Release|Any CPU
		{5F029001-1BDE-48F7-B714-42C9735B9993}.Release|Any CPU.Build.0 = Release|Any CPU
		{5F029001-1BDE-48F7-B714-42C9735B9993}.Release|Mixed Platforms.ActiveCfg = Release|x86
		{5F029001-1BDE-48F7-B714-42C9735B9993}.Release|Mixed Platforms.Build.0 = Release|x86
		{5F029001-1BDE-48F7-B714-42C9735B9993}.Release|x86.ActiveCfg = Release|x86
		{5F029001-1BDE-48F7-B714-42C9735B9993}.Release|x86.Build.0 = Release|x86
		{5F029001-1BDE-48F7-B714-42C9735B9993}.Wpf|Any CPU.ActiveCfg = Wpf|Any CPU
		{5F029001-1BDE-48F7-B714-42C9735B9993}.Wpf|Any CPU.Build.0 = Wpf|Any CPU
		{5F029001-1BDE-48F7-B714-42C9735B9993}.Wpf|Mixed Platforms.ActiveCfg = Wpf|x86
		{5F029001-1BDE-48F7-B714-42C9735B9993}.Wpf|Mixed Platforms.Build.0 = Wpf|x86
		{5F029001-1BDE-48F7-B714-42C9735B9993}.Wpf|x86.ActiveCfg = Wpf|x86
		{5F029001-1BDE-48F7-B714-42C9735B9993}.Wpf|x86.Build.0 = Wpf|x86
		{397C97F4-DF83-49EA-91D9-93C5C45B0025}.Debug|Any CPU.ActiveCfg = Debug|Any CPU
		{397C97F4-DF83-49EA-91D9-93C5C45B0025}.Debug|Any CPU.Build.0 = Debug|Any CPU
		{397C97F4-DF83-49EA-91D9-93C5C45B0025}.Debug|Mixed Platforms.ActiveCfg = Debug|x86
		{397C97F4-DF83-49EA-91D9-93C5C45B0025}.Debug|Mixed Platforms.Build.0 = Debug|x86
		{397C97F4-DF83-49EA-91D9-93C5C45B0025}.Debug|x86.ActiveCfg = Debug|x86
		{397C97F4-DF83-49EA-91D9-93C5C45B0025}.Debug|x86.Build.0 = Debug|x86
		{397C97F4-DF83-49EA-91D9-93C5C45B0025}.no_exe|Any CPU.ActiveCfg = no_exe|Any CPU
		{397C97F4-DF83-49EA-91D9-93C5C45B0025}.no_exe|Any CPU.Build.0 = no_exe|Any CPU
		{397C97F4-DF83-49EA-91D9-93C5C45B0025}.no_exe|Mixed Platforms.ActiveCfg = no_exe|x86
		{397C97F4-DF83-49EA-91D9-93C5C45B0025}.no_exe|Mixed Platforms.Build.0 = no_exe|x86
		{397C97F4-DF83-49EA-91D9-93C5C45B0025}.no_exe|x86.ActiveCfg = no_exe|x86
		{397C97F4-DF83-49EA-91D9-93C5C45B0025}.no_exe|x86.Build.0 = no_exe|x86
		{397C97F4-DF83-49EA-91D9-93C5C45B0025}.Release|Any CPU.ActiveCfg = Release|Any CPU
		{397C97F4-DF83-49EA-91D9-93C5C45B0025}.Release|Any CPU.Build.0 = Release|Any CPU
		{397C97F4-DF83-49EA-91D9-93C5C45B0025}.Release|Mixed Platforms.ActiveCfg = Release|x86
		{397C97F4-DF83-49EA-91D9-93C5C45B0025}.Release|Mixed Platforms.Build.0 = Release|x86
		{397C97F4-DF83-49EA-91D9-93C5C45B0025}.Release|x86.ActiveCfg = Release|x86
		{397C97F4-DF83-49EA-91D9-93C5C45B0025}.Release|x86.Build.0 = Release|x86
		{397C97F4-DF83-49EA-91D9-93C5C45B0025}.Wpf|Any CPU.ActiveCfg = Wpf|Any CPU
		{397C97F4-DF83-49EA-91D9-93C5C45B0025}.Wpf|Any CPU.Build.0 = Wpf|Any CPU
		{397C97F4-DF83-49EA-91D9-93C5C45B0025}.Wpf|Mixed Platforms.ActiveCfg = Wpf|x86
		{397C97F4-DF83-49EA-91D9-93C5C45B0025}.Wpf|Mixed Platforms.Build.0 = Wpf|x86
		{397C97F4-DF83-49EA-91D9-93C5C45B0025}.Wpf|x86.ActiveCfg = Wpf|x86
		{397C97F4-DF83-49EA-91D9-93C5C45B0025}.Wpf|x86.Build.0 = Wpf|x86
		{F7B0CC38-539D-4C46-ACC7-A51C41E23135}.Debug|Any CPU.ActiveCfg = Debug|Any CPU
		{F7B0CC38-539D-4C46-ACC7-A51C41E23135}.Debug|Any CPU.Build.0 = Debug|Any CPU
		{F7B0CC38-539D-4C46-ACC7-A51C41E23135}.Debug|Mixed Platforms.ActiveCfg = Debug|x86
		{F7B0CC38-539D-4C46-ACC7-A51C41E23135}.Debug|Mixed Platforms.Build.0 = Debug|x86
		{F7B0CC38-539D-4C46-ACC7-A51C41E23135}.Debug|x86.ActiveCfg = Debug|x86
		{F7B0CC38-539D-4C46-ACC7-A51C41E23135}.Debug|x86.Build.0 = Debug|x86
		{F7B0CC38-539D-4C46-ACC7-A51C41E23135}.no_exe|Any CPU.ActiveCfg = no_exe|Any CPU
		{F7B0CC38-539D-4C46-ACC7-A51C41E23135}.no_exe|Any CPU.Build.0 = no_exe|Any CPU
		{F7B0CC38-539D-4C46-ACC7-A51C41E23135}.no_exe|Mixed Platforms.ActiveCfg = no_exe|x86
		{F7B0CC38-539D-4C46-ACC7-A51C41E23135}.no_exe|Mixed Platforms.Build.0 = no_exe|x86
		{F7B0CC38-539D-4C46-ACC7-A51C41E23135}.no_exe|x86.ActiveCfg = no_exe|x86
		{F7B0CC38-539D-4C46-ACC7-A51C41E23135}.no_exe|x86.Build.0 = no_exe|x86
		{F7B0CC38-539D-4C46-ACC7-A51C41E23135}.Release|Any CPU.ActiveCfg = Release|Any CPU
		{F7B0CC38-539D-4C46-ACC7-A51C41E23135}.Release|Any CPU.Build.0 = Release|Any CPU
		{F7B0CC38-539D-4C46-ACC7-A51C41E23135}.Release|Mixed Platforms.ActiveCfg = Release|x86
		{F7B0CC38-539D-4C46-ACC7-A51C41E23135}.Release|Mixed Platforms.Build.0 = Release|x86
		{F7B0CC38-539D-4C46-ACC7-A51C41E23135}.Release|x86.ActiveCfg = Release|x86
		{F7B0CC38-539D-4C46-ACC7-A51C41E23135}.Release|x86.Build.0 = Release|x86
		{F7B0CC38-539D-4C46-ACC7-A51C41E23135}.Wpf|Any CPU.ActiveCfg = Wpf|Any CPU
		{F7B0CC38-539D-4C46-ACC7-A51C41E23135}.Wpf|Any CPU.Build.0 = Wpf|Any CPU
		{F7B0CC38-539D-4C46-ACC7-A51C41E23135}.Wpf|Mixed Platforms.ActiveCfg = Wpf|x86
		{F7B0CC38-539D-4C46-ACC7-A51C41E23135}.Wpf|Mixed Platforms.Build.0 = Wpf|x86
		{F7B0CC38-539D-4C46-ACC7-A51C41E23135}.Wpf|x86.ActiveCfg = Wpf|x86
		{F7B0CC38-539D-4C46-ACC7-A51C41E23135}.Wpf|x86.Build.0 = Wpf|x86
		{00C7707D-9EFA-4736-AAEB-66F52E9D41AA}.Debug|Any CPU.ActiveCfg = Debug|Any CPU
		{00C7707D-9EFA-4736-AAEB-66F52E9D41AA}.Debug|Mixed Platforms.ActiveCfg = Debug|Any CPU
		{00C7707D-9EFA-4736-AAEB-66F52E9D41AA}.Debug|x86.ActiveCfg = Debug|Any CPU
		{00C7707D-9EFA-4736-AAEB-66F52E9D41AA}.no_exe|Any CPU.ActiveCfg = Release|Any CPU
		{00C7707D-9EFA-4736-AAEB-66F52E9D41AA}.no_exe|Mixed Platforms.ActiveCfg = Release|Any CPU
		{00C7707D-9EFA-4736-AAEB-66F52E9D41AA}.no_exe|x86.ActiveCfg = Release|Any CPU
		{00C7707D-9EFA-4736-AAEB-66F52E9D41AA}.Release|Any CPU.ActiveCfg = Release|Any CPU
		{00C7707D-9EFA-4736-AAEB-66F52E9D41AA}.Release|Mixed Platforms.ActiveCfg = Release|Any CPU
		{00C7707D-9EFA-4736-AAEB-66F52E9D41AA}.Release|x86.ActiveCfg = Release|Any CPU
		{00C7707D-9EFA-4736-AAEB-66F52E9D41AA}.Wpf|Any CPU.ActiveCfg = Release|Any CPU
		{00C7707D-9EFA-4736-AAEB-66F52E9D41AA}.Wpf|Mixed Platforms.ActiveCfg = Release|Any CPU
		{00C7707D-9EFA-4736-AAEB-66F52E9D41AA}.Wpf|x86.ActiveCfg = Release|Any CPU
		{D902F079-00F1-4E8B-A7EC-6043D6FD11DC}.Debug|Any CPU.ActiveCfg = Debug|Any CPU
		{D902F079-00F1-4E8B-A7EC-6043D6FD11DC}.Debug|Mixed Platforms.ActiveCfg = Debug|Any CPU
		{D902F079-00F1-4E8B-A7EC-6043D6FD11DC}.Debug|x86.ActiveCfg = Debug|Any CPU
		{D902F079-00F1-4E8B-A7EC-6043D6FD11DC}.no_exe|Any CPU.ActiveCfg = Release|Any CPU
		{D902F079-00F1-4E8B-A7EC-6043D6FD11DC}.no_exe|Mixed Platforms.ActiveCfg = Release|Any CPU
		{D902F079-00F1-4E8B-A7EC-6043D6FD11DC}.no_exe|x86.ActiveCfg = Release|Any CPU
		{D902F079-00F1-4E8B-A7EC-6043D6FD11DC}.Release|Any CPU.ActiveCfg = Release|Any CPU
		{D902F079-00F1-4E8B-A7EC-6043D6FD11DC}.Release|Mixed Platforms.ActiveCfg = Release|Any CPU
		{D902F079-00F1-4E8B-A7EC-6043D6FD11DC}.Release|x86.ActiveCfg = Release|Any CPU
		{D902F079-00F1-4E8B-A7EC-6043D6FD11DC}.Wpf|Any CPU.ActiveCfg = Release|Any CPU
		{D902F079-00F1-4E8B-A7EC-6043D6FD11DC}.Wpf|Mixed Platforms.ActiveCfg = Release|Any CPU
		{D902F079-00F1-4E8B-A7EC-6043D6FD11DC}.Wpf|x86.ActiveCfg = Release|Any CPU
		{F40A48F1-7F5E-4A29-9914-42B6566C88ED}.Debug|Any CPU.ActiveCfg = Debug|Any CPU
		{F40A48F1-7F5E-4A29-9914-42B6566C88ED}.Debug|Any CPU.Build.0 = Debug|Any CPU
		{F40A48F1-7F5E-4A29-9914-42B6566C88ED}.Debug|Mixed Platforms.ActiveCfg = Debug|x86
		{F40A48F1-7F5E-4A29-9914-42B6566C88ED}.Debug|Mixed Platforms.Build.0 = Debug|x86
		{F40A48F1-7F5E-4A29-9914-42B6566C88ED}.Debug|x86.ActiveCfg = Debug|Any CPU
		{F40A48F1-7F5E-4A29-9914-42B6566C88ED}.no_exe|Any CPU.ActiveCfg = Release|Any CPU
		{F40A48F1-7F5E-4A29-9914-42B6566C88ED}.no_exe|Mixed Platforms.ActiveCfg = Wpf|x86
		{F40A48F1-7F5E-4A29-9914-42B6566C88ED}.no_exe|x86.ActiveCfg = Wpf|x86
		{F40A48F1-7F5E-4A29-9914-42B6566C88ED}.Release|Any CPU.ActiveCfg = Release|Any CPU
		{F40A48F1-7F5E-4A29-9914-42B6566C88ED}.Release|Any CPU.Build.0 = Release|Any CPU
		{F40A48F1-7F5E-4A29-9914-42B6566C88ED}.Release|Mixed Platforms.ActiveCfg = Release|Any CPU
		{F40A48F1-7F5E-4A29-9914-42B6566C88ED}.Release|Mixed Platforms.Build.0 = Release|Any CPU
		{F40A48F1-7F5E-4A29-9914-42B6566C88ED}.Release|x86.ActiveCfg = Release|Any CPU
		{F40A48F1-7F5E-4A29-9914-42B6566C88ED}.Wpf|Any CPU.ActiveCfg = Release|Any CPU
		{F40A48F1-7F5E-4A29-9914-42B6566C88ED}.Wpf|Any CPU.Build.0 = Release|Any CPU
		{F40A48F1-7F5E-4A29-9914-42B6566C88ED}.Wpf|Mixed Platforms.ActiveCfg = Wpf|x86
		{F40A48F1-7F5E-4A29-9914-42B6566C88ED}.Wpf|Mixed Platforms.Build.0 = Wpf|x86
		{F40A48F1-7F5E-4A29-9914-42B6566C88ED}.Wpf|x86.ActiveCfg = Wpf|x86
		{F40A48F1-7F5E-4A29-9914-42B6566C88ED}.Wpf|x86.Build.0 = Wpf|x86
		{4E416F0F-518C-43A6-B93B-57D105D184E1}.Debug|Any CPU.ActiveCfg = Debug|Any CPU
		{4E416F0F-518C-43A6-B93B-57D105D184E1}.Debug|Any CPU.Build.0 = Debug|Any CPU
		{4E416F0F-518C-43A6-B93B-57D105D184E1}.Debug|Mixed Platforms.ActiveCfg = Debug|Any CPU
		{4E416F0F-518C-43A6-B93B-57D105D184E1}.Debug|Mixed Platforms.Build.0 = Debug|Any CPU
		{4E416F0F-518C-43A6-B93B-57D105D184E1}.Debug|x86.ActiveCfg = Debug|Any CPU
		{4E416F0F-518C-43A6-B93B-57D105D184E1}.no_exe|Any CPU.ActiveCfg = Wpf|Any CPU
		{4E416F0F-518C-43A6-B93B-57D105D184E1}.no_exe|Any CPU.Build.0 = Wpf|Any CPU
		{4E416F0F-518C-43A6-B93B-57D105D184E1}.no_exe|Mixed Platforms.ActiveCfg = Release|x86
		{4E416F0F-518C-43A6-B93B-57D105D184E1}.no_exe|Mixed Platforms.Build.0 = Release|x86
		{4E416F0F-518C-43A6-B93B-57D105D184E1}.no_exe|x86.ActiveCfg = Release|x86
		{4E416F0F-518C-43A6-B93B-57D105D184E1}.no_exe|x86.Build.0 = Release|x86
		{4E416F0F-518C-43A6-B93B-57D105D184E1}.Release|Any CPU.ActiveCfg = Release|Any CPU
		{4E416F0F-518C-43A6-B93B-57D105D184E1}.Release|Any CPU.Build.0 = Release|Any CPU
		{4E416F0F-518C-43A6-B93B-57D105D184E1}.Release|Mixed Platforms.ActiveCfg = Release|Any CPU
		{4E416F0F-518C-43A6-B93B-57D105D184E1}.Release|Mixed Platforms.Build.0 = Release|Any CPU
		{4E416F0F-518C-43A6-B93B-57D105D184E1}.Release|x86.ActiveCfg = Release|Any CPU
		{4E416F0F-518C-43A6-B93B-57D105D184E1}.Wpf|Any CPU.ActiveCfg = Release|Any CPU
		{4E416F0F-518C-43A6-B93B-57D105D184E1}.Wpf|Any CPU.Build.0 = Release|Any CPU
		{4E416F0F-518C-43A6-B93B-57D105D184E1}.Wpf|Mixed Platforms.ActiveCfg = Release|Any CPU
		{4E416F0F-518C-43A6-B93B-57D105D184E1}.Wpf|Mixed Platforms.Build.0 = Release|Any CPU
		{4E416F0F-518C-43A6-B93B-57D105D184E1}.Wpf|x86.ActiveCfg = Wpf|x86
		{4E416F0F-518C-43A6-B93B-57D105D184E1}.Wpf|x86.Build.0 = Wpf|x86
		{1EBE41B7-CA6A-4540-B893-9E6A0366C534}.Debug|Any CPU.ActiveCfg = Debug|Any CPU
		{1EBE41B7-CA6A-4540-B893-9E6A0366C534}.Debug|Any CPU.Build.0 = Debug|Any CPU
		{1EBE41B7-CA6A-4540-B893-9E6A0366C534}.Debug|Mixed Platforms.ActiveCfg = Debug|x86
		{1EBE41B7-CA6A-4540-B893-9E6A0366C534}.Debug|Mixed Platforms.Build.0 = Debug|x86
		{1EBE41B7-CA6A-4540-B893-9E6A0366C534}.Debug|x86.ActiveCfg = Debug|x86
		{1EBE41B7-CA6A-4540-B893-9E6A0366C534}.Debug|x86.Build.0 = Debug|x86
		{1EBE41B7-CA6A-4540-B893-9E6A0366C534}.no_exe|Any CPU.ActiveCfg = no_exe|Any CPU
		{1EBE41B7-CA6A-4540-B893-9E6A0366C534}.no_exe|Any CPU.Build.0 = no_exe|Any CPU
		{1EBE41B7-CA6A-4540-B893-9E6A0366C534}.no_exe|Mixed Platforms.ActiveCfg = no_exe|x86
		{1EBE41B7-CA6A-4540-B893-9E6A0366C534}.no_exe|Mixed Platforms.Build.0 = no_exe|x86
		{1EBE41B7-CA6A-4540-B893-9E6A0366C534}.no_exe|x86.ActiveCfg = no_exe|x86
		{1EBE41B7-CA6A-4540-B893-9E6A0366C534}.no_exe|x86.Build.0 = no_exe|x86
		{1EBE41B7-CA6A-4540-B893-9E6A0366C534}.Release|Any CPU.ActiveCfg = Release|Any CPU
		{1EBE41B7-CA6A-4540-B893-9E6A0366C534}.Release|Any CPU.Build.0 = Release|Any CPU
		{1EBE41B7-CA6A-4540-B893-9E6A0366C534}.Release|Mixed Platforms.ActiveCfg = Release|x86
		{1EBE41B7-CA6A-4540-B893-9E6A0366C534}.Release|Mixed Platforms.Build.0 = Release|x86
		{1EBE41B7-CA6A-4540-B893-9E6A0366C534}.Release|x86.ActiveCfg = Release|x86
		{1EBE41B7-CA6A-4540-B893-9E6A0366C534}.Release|x86.Build.0 = Release|x86
		{1EBE41B7-CA6A-4540-B893-9E6A0366C534}.Wpf|Any CPU.ActiveCfg = Wpf|Any CPU
		{1EBE41B7-CA6A-4540-B893-9E6A0366C534}.Wpf|Any CPU.Build.0 = Wpf|Any CPU
		{1EBE41B7-CA6A-4540-B893-9E6A0366C534}.Wpf|Mixed Platforms.ActiveCfg = Wpf|x86
		{1EBE41B7-CA6A-4540-B893-9E6A0366C534}.Wpf|Mixed Platforms.Build.0 = Wpf|x86
		{1EBE41B7-CA6A-4540-B893-9E6A0366C534}.Wpf|x86.ActiveCfg = Wpf|x86
		{1EBE41B7-CA6A-4540-B893-9E6A0366C534}.Wpf|x86.Build.0 = Wpf|x86
		{E3C428D2-A846-484D-A1D0-8D573BD5130A}.Debug|Any CPU.ActiveCfg = Debug|Any CPU
		{E3C428D2-A846-484D-A1D0-8D573BD5130A}.Debug|Any CPU.Build.0 = Debug|Any CPU
		{E3C428D2-A846-484D-A1D0-8D573BD5130A}.Debug|Mixed Platforms.ActiveCfg = Debug|Any CPU
		{E3C428D2-A846-484D-A1D0-8D573BD5130A}.Debug|Mixed Platforms.Build.0 = Debug|Any CPU
		{E3C428D2-A846-484D-A1D0-8D573BD5130A}.Debug|x86.ActiveCfg = Debug|Any CPU
		{E3C428D2-A846-484D-A1D0-8D573BD5130A}.no_exe|Any CPU.ActiveCfg = Release|Any CPU
		{E3C428D2-A846-484D-A1D0-8D573BD5130A}.no_exe|Any CPU.Build.0 = Release|Any CPU
		{E3C428D2-A846-484D-A1D0-8D573BD5130A}.no_exe|Mixed Platforms.ActiveCfg = Release|Any CPU
		{E3C428D2-A846-484D-A1D0-8D573BD5130A}.no_exe|Mixed Platforms.Build.0 = Release|Any CPU
		{E3C428D2-A846-484D-A1D0-8D573BD5130A}.no_exe|x86.ActiveCfg = Release|Any CPU
		{E3C428D2-A846-484D-A1D0-8D573BD5130A}.Release|Any CPU.ActiveCfg = Release|Any CPU
		{E3C428D2-A846-484D-A1D0-8D573BD5130A}.Release|Any CPU.Build.0 = Release|Any CPU
		{E3C428D2-A846-484D-A1D0-8D573BD5130A}.Release|Mixed Platforms.ActiveCfg = Release|Any CPU
		{E3C428D2-A846-484D-A1D0-8D573BD5130A}.Release|Mixed Platforms.Build.0 = Release|Any CPU
		{E3C428D2-A846-484D-A1D0-8D573BD5130A}.Release|x86.ActiveCfg = Release|Any CPU
		{E3C428D2-A846-484D-A1D0-8D573BD5130A}.Wpf|Any CPU.ActiveCfg = Release|Any CPU
		{E3C428D2-A846-484D-A1D0-8D573BD5130A}.Wpf|Any CPU.Build.0 = Release|Any CPU
		{E3C428D2-A846-484D-A1D0-8D573BD5130A}.Wpf|Mixed Platforms.ActiveCfg = Release|Any CPU
		{E3C428D2-A846-484D-A1D0-8D573BD5130A}.Wpf|Mixed Platforms.Build.0 = Release|Any CPU
		{E3C428D2-A846-484D-A1D0-8D573BD5130A}.Wpf|x86.ActiveCfg = Wpf|x86
		{E3C428D2-A846-484D-A1D0-8D573BD5130A}.Wpf|x86.Build.0 = Wpf|x86
	EndGlobalSection
	GlobalSection(SolutionProperties) = preSolution
		HideSolutionNode = FALSE
	EndGlobalSection
	GlobalSection(NestedProjects) = preSolution
		{3681ADA2-B2F3-4157-A603-82C742379856} = {F10309F7-A054-4D47-9D8B-FA1A06233D18}
		{9C9A4AF7-8548-48D3-891A-CFB0CA07734E} = {F10309F7-A054-4D47-9D8B-FA1A06233D18}
		{17CD61F9-4103-4780-B7E8-EA95F439DE18} = {F10309F7-A054-4D47-9D8B-FA1A06233D18}
		{D327180B-6D7A-4461-8CE0-64BF9CC0A809} = {AA7F4E15-66AB-4E02-8DBA-49C56CF30A1D}
		{88C1A100-A8C6-4C06-AE37-EA5163F57344} = {AA7F4E15-66AB-4E02-8DBA-49C56CF30A1D}
		{B0F5BB4E-8391-40E3-B2BD-AF8EEBDE05E4} = {AA7F4E15-66AB-4E02-8DBA-49C56CF30A1D}
		{35DA336C-E235-484C-90DA-8CD5C71997FF} = {AA7F4E15-66AB-4E02-8DBA-49C56CF30A1D}
		{F9B6DABD-BBC1-4638-8CE6-A5C9506BFDCB} = {AA7F4E15-66AB-4E02-8DBA-49C56CF30A1D}
		{A41C2CC3-053D-4C52-AE99-ED7D9C43E7DC} = {AA7F4E15-66AB-4E02-8DBA-49C56CF30A1D}
		{167938E9-7883-4D27-A78A-3A1C20F0FE90} = {AA7F4E15-66AB-4E02-8DBA-49C56CF30A1D}
		{6E8DF0FA-F9D6-496D-AE08-99C3B7EC757C} = {AA7F4E15-66AB-4E02-8DBA-49C56CF30A1D}
		{FC7845FA-13FE-4FF8-822A-A577F3F59B00} = {C9389713-549D-4323-B93C-84EABDC22FC4}
		{36BC8717-BF0F-4E78-8494-2309CE1FFEDB} = {AF39CFE4-1E90-4940-8764-52EC5D7C3610}
		{052F9BB6-A8E8-447C-934D-616A7FA3D81C} = {AF39CFE4-1E90-4940-8764-52EC5D7C3610}
		{00C7707D-9EFA-4736-AAEB-66F52E9D41AA} = {AF39CFE4-1E90-4940-8764-52EC5D7C3610}
		{D902F079-00F1-4E8B-A7EC-6043D6FD11DC} = {AF39CFE4-1E90-4940-8764-52EC5D7C3610}
		{F40A48F1-7F5E-4A29-9914-42B6566C88ED} = {AF39CFE4-1E90-4940-8764-52EC5D7C3610}
	EndGlobalSection
EndGlobal
