
Microsoft Visual Studio Solution File, Format Version 12.00
# Visual Studio 2013
VisualStudioVersion = 12.0.21005.1
MinimumVisualStudioVersion = 10.0.40219.1
Project("{FAE04EC0-301F-11D3-BF4B-00C04F79EFBC}") = "SM", "SM\SM.csproj", "{397C97F4-DF83-49EA-91D9-93C5C45B0025}"
EndProject
Global
	GlobalSection(SolutionConfigurationPlatforms) = preSolution
		Debug|Any CPU = Debug|Any CPU
		Debug|x86 = Debug|x86
		no_exe|Any CPU = no_exe|Any CPU
		no_exe|x86 = no_exe|x86
		Release|Any CPU = Release|Any CPU
		Release|x86 = Release|x86
		Wpf|Any CPU = Wpf|Any CPU
		Wpf|x86 = Wpf|x86
	EndGlobalSection
	GlobalSection(ProjectConfigurationPlatforms) = postSolution
		{397C97F4-DF83-49EA-91D9-93C5C45B0025}.Debug|Any CPU.ActiveCfg = Debug|Any CPU
		{397C97F4-DF83-49EA-91D9-93C5C45B0025}.Debug|Any CPU.Build.0 = Debug|Any CPU
		{397C97F4-DF83-49EA-91D9-93C5C45B0025}.Debug|x86.ActiveCfg = Debug|x86
		{397C97F4-DF83-49EA-91D9-93C5C45B0025}.Debug|x86.Build.0 = Debug|x86
		{397C97F4-DF83-49EA-91D9-93C5C45B0025}.no_exe|Any CPU.ActiveCfg = no_exe|Any CPU
		{397C97F4-DF83-49EA-91D9-93C5C45B0025}.no_exe|Any CPU.Build.0 = no_exe|Any CPU
		{397C97F4-DF83-49EA-91D9-93C5C45B0025}.no_exe|x86.ActiveCfg = no_exe|x86
		{397C97F4-DF83-49EA-91D9-93C5C45B0025}.no_exe|x86.Build.0 = no_exe|x86
		{397C97F4-DF83-49EA-91D9-93C5C45B0025}.Release|Any CPU.ActiveCfg = Release|Any CPU
		{397C97F4-DF83-49EA-91D9-93C5C45B0025}.Release|Any CPU.Build.0 = Release|Any CPU
		{397C97F4-DF83-49EA-91D9-93C5C45B0025}.Release|x86.ActiveCfg = Release|x86
		{397C97F4-DF83-49EA-91D9-93C5C45B0025}.Release|x86.Build.0 = Release|x86
		{397C97F4-DF83-49EA-91D9-93C5C45B0025}.Wpf|Any CPU.ActiveCfg = Wpf|Any CPU
		{397C97F4-DF83-49EA-91D9-93C5C45B0025}.Wpf|Any CPU.Build.0 = Wpf|Any CPU
		{397C97F4-DF83-49EA-91D9-93C5C45B0025}.Wpf|x86.ActiveCfg = Wpf|x86
		{397C97F4-DF83-49EA-91D9-93C5C45B0025}.Wpf|x86.Build.0 = Wpf|x86
	EndGlobalSection
	GlobalSection(SolutionProperties) = preSolution
		HideSolutionNode = FALSE
	EndGlobalSection
EndGlobal
