
Microsoft Visual Studio Solution File, Format Version 12.00
# Visual Studio 2012
Project("{FAE04EC0-301F-11D3-BF4B-00C04F79EFBC}") = "WindowsFormsApplication1", "WindowsFormsApplication1\WindowsFormsApplication1.csproj", "{1FEF482E-2B57-4E89-9205-37309AA1BB13}"
EndProject
Global
	GlobalSection(SolutionConfigurationPlatforms) = preSolution
		Debug|Any CPU = Debug|Any CPU
		Release|Any CPU = Release|Any CPU
	EndGlobalSection
	GlobalSection(ProjectConfigurationPlatforms) = postSolution
		{1FEF482E-2B57-4E89-9205-37309AA1BB13}.Debug|Any CPU.ActiveCfg = Debug|Any CPU
		{1FEF482E-2B57-4E89-9205-37309AA1BB13}.Debug|Any CPU.Build.0 = Debug|Any CPU
		{1FEF482E-2B57-4E89-9205-37309AA1BB13}.Release|Any CPU.ActiveCfg = Release|Any CPU
		{1FEF482E-2B57-4E89-9205-37309AA1BB13}.Release|Any CPU.Build.0 = Release|Any CPU
	EndGlobalSection
	GlobalSection(SolutionProperties) = preSolution
		HideSolutionNode = FALSE
	EndGlobalSection
EndGlobal
