
Microsoft Visual Studio Solution File, Format Version 12.00
# Visual Studio 2013
VisualStudioVersion = 12.0.21005.1
MinimumVisualStudioVersion = 10.0.40219.1
Project("{FAE04EC0-301F-11D3-BF4B-00C04F79EFBC}") = "exe_flame_farseer_xna", "exe_flame_farseer_xna\exe_flame_farseer_xna.csproj", "{17CD61F9-4103-4780-B7E8-EA95F439DE18}"
EndProject
Project("{FAE04EC0-301F-11D3-BF4B-00C04F79EFBC}") = "Flame.Base", "..\..\FLAME_2014\Flame\Flame.Base\Flame.Base.csproj", "{6E8DF0FA-F9D6-496D-AE08-99C3B7EC757C}"
EndProject
Project("{FAE04EC0-301F-11D3-BF4B-00C04F79EFBC}") = "Flame.Controls.Common", "..\..\FLAME_2014\Flame\Flame.Controls.Common\Flame.Controls.Common.csproj", "{D327180B-6D7A-4461-8CE0-64BF9CC0A809}"
EndProject
Project("{FAE04EC0-301F-11D3-BF4B-00C04F79EFBC}") = "Flame.Reflection", "..\..\FLAME_2014\Flame\Flame.Reflection\Flame.Reflection.csproj", "{88C1A100-A8C6-4C06-AE37-EA5163F57344}"
EndProject
Project("{FAE04EC0-301F-11D3-BF4B-00C04F79EFBC}") = "Flame.Controls", "..\..\FLAME_2014\Flame\Flame.Controls\Flame.Controls.csproj", "{B0F5BB4E-8391-40E3-B2BD-AF8EEBDE05E4}"
EndProject
Project("{FAE04EC0-301F-11D3-BF4B-00C04F79EFBC}") = "Flame.Scintilla", "..\..\FLAME_2014\Flame\Flame.Scintilla\Flame.Scintilla.csproj", "{35DA336C-E235-484C-90DA-8CD5C71997FF}"
EndProject
Project("{FAE04EC0-301F-11D3-BF4B-00C04F79EFBC}") = "ScintillaNET", "..\..\FLAME_2014\Flame\ScintillaNET\ScintillaNET.csproj", "{F9B6DABD-BBC1-4638-8CE6-A5C9506BFDCB}"
EndProject
Project("{FAE04EC0-301F-11D3-BF4B-00C04F79EFBC}") = "Flame.Dlr.Roslyn", "..\..\FLAME_2014\Flame\Flame.Dlr.Roslyn\Flame.Dlr.Roslyn.csproj", "{A41C2CC3-053D-4C52-AE99-ED7D9C43E7DC}"
EndProject
Project("{FAE04EC0-301F-11D3-BF4B-00C04F79EFBC}") = "DebugView XNA", "..\..\Farseer Physics Engine 3.5 Samples\Farseer Physics DebugView 3.5\DebugView XNA.csproj", "{FC7845FA-13FE-4FF8-822A-A577F3F59B00}"
EndProject
Project("{FAE04EC0-301F-11D3-BF4B-00C04F79EFBC}") = "Farseer Physics XNA", "..\..\Farseer Physics Engine 3.5 Samples\Farseer Physics Engine 3.5\Farseer Physics XNA.csproj", "{0A850700-1ABB-4288-A391-6726B90EBEB9}"
EndProject
Project("{FAE04EC0-301F-11D3-BF4B-00C04F79EFBC}") = "Samples XNA", "..\..\Farseer Physics Engine 3.5 Samples\Farseer Physics Samples 3.5\Samples XNA.csproj", "{3681ADA2-B2F3-4157-A603-82C742379856}"
EndProject
Project("{FAE04EC0-301F-11D3-BF4B-00C04F79EFBC}") = "WpfClassNavigator", "..\..\Farseer Physics Engine 3.5 Samples\WpfClassNavigator\WpfClassNavigator\WpfClassNavigator.csproj", "{052F9BB6-A8E8-447C-934D-616A7FA3D81C}"
EndProject
Project("{FAE04EC0-301F-11D3-BF4B-00C04F79EFBC}") = "Flame.Debug", "..\..\FLAME_2014\Flame\Flame.Debug\Flame.Debug.csproj", "{167938E9-7883-4D27-A78A-3A1C20F0FE90}"
EndProject
Project("{FAE04EC0-301F-11D3-BF4B-00C04F79EFBC}") = "WpfFarseer", "WpfFarseer\WpfFarseer.csproj", "{36BC8717-BF0F-4E78-8494-2309CE1FFEDB}"
EndProject
Global
	GlobalSection(SolutionConfigurationPlatforms) = preSolution
		Debug|Any CPU = Debug|Any CPU
		Debug|Mixed Platforms = Debug|Mixed Platforms
		Debug|x86 = Debug|x86
		Release_35|Any CPU = Release_35|Any CPU
		Release_35|Mixed Platforms = Release_35|Mixed Platforms
		Release_35|x86 = Release_35|x86
		Release_Final|Any CPU = Release_Final|Any CPU
		Release_Final|Mixed Platforms = Release_Final|Mixed Platforms
		Release_Final|x86 = Release_Final|x86
		Release|Any CPU = Release|Any CPU
		Release|Mixed Platforms = Release|Mixed Platforms
		Release|x86 = Release|x86
	EndGlobalSection
	GlobalSection(ProjectConfigurationPlatforms) = postSolution
		{17CD61F9-4103-4780-B7E8-EA95F439DE18}.Debug|Any CPU.ActiveCfg = Debug|Any CPU
		{17CD61F9-4103-4780-B7E8-EA95F439DE18}.Debug|Any CPU.Build.0 = Debug|Any CPU
		{17CD61F9-4103-4780-B7E8-EA95F439DE18}.Debug|Mixed Platforms.ActiveCfg = Debug|Any CPU
		{17CD61F9-4103-4780-B7E8-EA95F439DE18}.Debug|Mixed Platforms.Build.0 = Debug|Any CPU
		{17CD61F9-4103-4780-B7E8-EA95F439DE18}.Debug|x86.ActiveCfg = Debug|Any CPU
		{17CD61F9-4103-4780-B7E8-EA95F439DE18}.Release_35|Any CPU.ActiveCfg = Release|Any CPU
		{17CD61F9-4103-4780-B7E8-EA95F439DE18}.Release_35|Any CPU.Build.0 = Release|Any CPU
		{17CD61F9-4103-4780-B7E8-EA95F439DE18}.Release_35|Mixed Platforms.ActiveCfg = Release|Any CPU
		{17CD61F9-4103-4780-B7E8-EA95F439DE18}.Release_35|Mixed Platforms.Build.0 = Release|Any CPU
		{17CD61F9-4103-4780-B7E8-EA95F439DE18}.Release_35|x86.ActiveCfg = Release|Any CPU
		{17CD61F9-4103-4780-B7E8-EA95F439DE18}.Release_Final|Any CPU.ActiveCfg = Release|Any CPU
		{17CD61F9-4103-4780-B7E8-EA95F439DE18}.Release_Final|Any CPU.Build.0 = Release|Any CPU
		{17CD61F9-4103-4780-B7E8-EA95F439DE18}.Release_Final|Mixed Platforms.ActiveCfg = Release|Any CPU
		{17CD61F9-4103-4780-B7E8-EA95F439DE18}.Release_Final|Mixed Platforms.Build.0 = Release|Any CPU
		{17CD61F9-4103-4780-B7E8-EA95F439DE18}.Release_Final|x86.ActiveCfg = Release|Any CPU
		{17CD61F9-4103-4780-B7E8-EA95F439DE18}.Release|Any CPU.ActiveCfg = Release|Any CPU
		{17CD61F9-4103-4780-B7E8-EA95F439DE18}.Release|Any CPU.Build.0 = Release|Any CPU
		{17CD61F9-4103-4780-B7E8-EA95F439DE18}.Release|Mixed Platforms.ActiveCfg = Release|Any CPU
		{17CD61F9-4103-4780-B7E8-EA95F439DE18}.Release|Mixed Platforms.Build.0 = Release|Any CPU
		{17CD61F9-4103-4780-B7E8-EA95F439DE18}.Release|x86.ActiveCfg = Release|Any CPU
		{6E8DF0FA-F9D6-496D-AE08-99C3B7EC757C}.Debug|Any CPU.ActiveCfg = Debug|x86
		{6E8DF0FA-F9D6-496D-AE08-99C3B7EC757C}.Debug|Mixed Platforms.ActiveCfg = Debug|x86
		{6E8DF0FA-F9D6-496D-AE08-99C3B7EC757C}.Debug|Mixed Platforms.Build.0 = Debug|x86
		{6E8DF0FA-F9D6-496D-AE08-99C3B7EC757C}.Debug|x86.ActiveCfg = Debug|x86
		{6E8DF0FA-F9D6-496D-AE08-99C3B7EC757C}.Debug|x86.Build.0 = Debug|x86
		{6E8DF0FA-F9D6-496D-AE08-99C3B7EC757C}.Release_35|Any CPU.ActiveCfg = Release_35|x86
		{6E8DF0FA-F9D6-496D-AE08-99C3B7EC757C}.Release_35|Mixed Platforms.ActiveCfg = Release_35|x86
		{6E8DF0FA-F9D6-496D-AE08-99C3B7EC757C}.Release_35|Mixed Platforms.Build.0 = Release_35|x86
		{6E8DF0FA-F9D6-496D-AE08-99C3B7EC757C}.Release_35|x86.ActiveCfg = Release_35|x86
		{6E8DF0FA-F9D6-496D-AE08-99C3B7EC757C}.Release_35|x86.Build.0 = Release_35|x86
		{6E8DF0FA-F9D6-496D-AE08-99C3B7EC757C}.Release_Final|Any CPU.ActiveCfg = Release_Final|x86
		{6E8DF0FA-F9D6-496D-AE08-99C3B7EC757C}.Release_Final|Mixed Platforms.ActiveCfg = Release_Final|x86
		{6E8DF0FA-F9D6-496D-AE08-99C3B7EC757C}.Release_Final|Mixed Platforms.Build.0 = Release_Final|x86
		{6E8DF0FA-F9D6-496D-AE08-99C3B7EC757C}.Release_Final|x86.ActiveCfg = Release_Final|x86
		{6E8DF0FA-F9D6-496D-AE08-99C3B7EC757C}.Release_Final|x86.Build.0 = Release_Final|x86
		{6E8DF0FA-F9D6-496D-AE08-99C3B7EC757C}.Release|Any CPU.ActiveCfg = Release|x86
		{6E8DF0FA-F9D6-496D-AE08-99C3B7EC757C}.Release|Mixed Platforms.ActiveCfg = Release|x86
		{6E8DF0FA-F9D6-496D-AE08-99C3B7EC757C}.Release|Mixed Platforms.Build.0 = Release|x86
		{6E8DF0FA-F9D6-496D-AE08-99C3B7EC757C}.Release|x86.ActiveCfg = Release|x86
		{6E8DF0FA-F9D6-496D-AE08-99C3B7EC757C}.Release|x86.Build.0 = Release|x86
		{D327180B-6D7A-4461-8CE0-64BF9CC0A809}.Debug|Any CPU.ActiveCfg = Debug|Any CPU
		{D327180B-6D7A-4461-8CE0-64BF9CC0A809}.Debug|Any CPU.Build.0 = Debug|Any CPU
		{D327180B-6D7A-4461-8CE0-64BF9CC0A809}.Debug|Mixed Platforms.ActiveCfg = Debug|x86
		{D327180B-6D7A-4461-8CE0-64BF9CC0A809}.Debug|Mixed Platforms.Build.0 = Debug|x86
		{D327180B-6D7A-4461-8CE0-64BF9CC0A809}.Debug|x86.ActiveCfg = Debug|x86
		{D327180B-6D7A-4461-8CE0-64BF9CC0A809}.Debug|x86.Build.0 = Debug|x86
		{D327180B-6D7A-4461-8CE0-64BF9CC0A809}.Release_35|Any CPU.ActiveCfg = Release_Final|Any CPU
		{D327180B-6D7A-4461-8CE0-64BF9CC0A809}.Release_35|Any CPU.Build.0 = Release_Final|Any CPU
		{D327180B-6D7A-4461-8CE0-64BF9CC0A809}.Release_35|Mixed Platforms.ActiveCfg = Release_Final|x86
		{D327180B-6D7A-4461-8CE0-64BF9CC0A809}.Release_35|Mixed Platforms.Build.0 = Release_Final|x86
		{D327180B-6D7A-4461-8CE0-64BF9CC0A809}.Release_35|x86.ActiveCfg = Release_Final|x86
		{D327180B-6D7A-4461-8CE0-64BF9CC0A809}.Release_35|x86.Build.0 = Release_Final|x86
		{D327180B-6D7A-4461-8CE0-64BF9CC0A809}.Release_Final|Any CPU.ActiveCfg = Release_Final|Any CPU
		{D327180B-6D7A-4461-8CE0-64BF9CC0A809}.Release_Final|Any CPU.Build.0 = Release_Final|Any CPU
		{D327180B-6D7A-4461-8CE0-64BF9CC0A809}.Release_Final|Mixed Platforms.ActiveCfg = Release_Final|x86
		{D327180B-6D7A-4461-8CE0-64BF9CC0A809}.Release_Final|Mixed Platforms.Build.0 = Release_Final|x86
		{D327180B-6D7A-4461-8CE0-64BF9CC0A809}.Release_Final|x86.ActiveCfg = Release_Final|x86
		{D327180B-6D7A-4461-8CE0-64BF9CC0A809}.Release_Final|x86.Build.0 = Release_Final|x86
		{D327180B-6D7A-4461-8CE0-64BF9CC0A809}.Release|Any CPU.ActiveCfg = Release|Any CPU
		{D327180B-6D7A-4461-8CE0-64BF9CC0A809}.Release|Any CPU.Build.0 = Release|Any CPU
		{D327180B-6D7A-4461-8CE0-64BF9CC0A809}.Release|Mixed Platforms.ActiveCfg = Release|x86
		{D327180B-6D7A-4461-8CE0-64BF9CC0A809}.Release|Mixed Platforms.Build.0 = Release|x86
		{D327180B-6D7A-4461-8CE0-64BF9CC0A809}.Release|x86.ActiveCfg = Release|x86
		{D327180B-6D7A-4461-8CE0-64BF9CC0A809}.Release|x86.Build.0 = Release|x86
		{88C1A100-A8C6-4C06-AE37-EA5163F57344}.Debug|Any CPU.ActiveCfg = Debug|Any CPU
		{88C1A100-A8C6-4C06-AE37-EA5163F57344}.Debug|Any CPU.Build.0 = Debug|Any CPU
		{88C1A100-A8C6-4C06-AE37-EA5163F57344}.Debug|Mixed Platforms.ActiveCfg = Debug|x86
		{88C1A100-A8C6-4C06-AE37-EA5163F57344}.Debug|Mixed Platforms.Build.0 = Debug|x86
		{88C1A100-A8C6-4C06-AE37-EA5163F57344}.Debug|x86.ActiveCfg = Debug|x86
		{88C1A100-A8C6-4C06-AE37-EA5163F57344}.Debug|x86.Build.0 = Debug|x86
		{88C1A100-A8C6-4C06-AE37-EA5163F57344}.Release_35|Any CPU.ActiveCfg = Release_Final|Any CPU
		{88C1A100-A8C6-4C06-AE37-EA5163F57344}.Release_35|Any CPU.Build.0 = Release_Final|Any CPU
		{88C1A100-A8C6-4C06-AE37-EA5163F57344}.Release_35|Mixed Platforms.ActiveCfg = Release_Final|x86
		{88C1A100-A8C6-4C06-AE37-EA5163F57344}.Release_35|Mixed Platforms.Build.0 = Release_Final|x86
		{88C1A100-A8C6-4C06-AE37-EA5163F57344}.Release_35|x86.ActiveCfg = Release_Final|x86
		{88C1A100-A8C6-4C06-AE37-EA5163F57344}.Release_35|x86.Build.0 = Release_Final|x86
		{88C1A100-A8C6-4C06-AE37-EA5163F57344}.Release_Final|Any CPU.ActiveCfg = Release_Final|Any CPU
		{88C1A100-A8C6-4C06-AE37-EA5163F57344}.Release_Final|Any CPU.Build.0 = Release_Final|Any CPU
		{88C1A100-A8C6-4C06-AE37-EA5163F57344}.Release_Final|Mixed Platforms.ActiveCfg = Release_Final|x86
		{88C1A100-A8C6-4C06-AE37-EA5163F57344}.Release_Final|Mixed Platforms.Build.0 = Release_Final|x86
		{88C1A100-A8C6-4C06-AE37-EA5163F57344}.Release_Final|x86.ActiveCfg = Release_Final|x86
		{88C1A100-A8C6-4C06-AE37-EA5163F57344}.Release_Final|x86.Build.0 = Release_Final|x86
		{88C1A100-A8C6-4C06-AE37-EA5163F57344}.Release|Any CPU.ActiveCfg = Release|Any CPU
		{88C1A100-A8C6-4C06-AE37-EA5163F57344}.Release|Any CPU.Build.0 = Release|Any CPU
		{88C1A100-A8C6-4C06-AE37-EA5163F57344}.Release|Mixed Platforms.ActiveCfg = Release|x86
		{88C1A100-A8C6-4C06-AE37-EA5163F57344}.Release|Mixed Platforms.Build.0 = Release|x86
		{88C1A100-A8C6-4C06-AE37-EA5163F57344}.Release|x86.ActiveCfg = Release|x86
		{88C1A100-A8C6-4C06-AE37-EA5163F57344}.Release|x86.Build.0 = Release|x86
		{B0F5BB4E-8391-40E3-B2BD-AF8EEBDE05E4}.Debug|Any CPU.ActiveCfg = Debug|Any CPU
		{B0F5BB4E-8391-40E3-B2BD-AF8EEBDE05E4}.Debug|Any CPU.Build.0 = Debug|Any CPU
		{B0F5BB4E-8391-40E3-B2BD-AF8EEBDE05E4}.Debug|Mixed Platforms.ActiveCfg = Debug|x86
		{B0F5BB4E-8391-40E3-B2BD-AF8EEBDE05E4}.Debug|Mixed Platforms.Build.0 = Debug|x86
		{B0F5BB4E-8391-40E3-B2BD-AF8EEBDE05E4}.Debug|x86.ActiveCfg = Debug|x86
		{B0F5BB4E-8391-40E3-B2BD-AF8EEBDE05E4}.Debug|x86.Build.0 = Debug|x86
		{B0F5BB4E-8391-40E3-B2BD-AF8EEBDE05E4}.Release_35|Any CPU.ActiveCfg = Release_Final|Any CPU
		{B0F5BB4E-8391-40E3-B2BD-AF8EEBDE05E4}.Release_35|Any CPU.Build.0 = Release_Final|Any CPU
		{B0F5BB4E-8391-40E3-B2BD-AF8EEBDE05E4}.Release_35|Mixed Platforms.ActiveCfg = Release_Final|x86
		{B0F5BB4E-8391-40E3-B2BD-AF8EEBDE05E4}.Release_35|Mixed Platforms.Build.0 = Release_Final|x86
		{B0F5BB4E-8391-40E3-B2BD-AF8EEBDE05E4}.Release_35|x86.ActiveCfg = Release_Final|x86
		{B0F5BB4E-8391-40E3-B2BD-AF8EEBDE05E4}.Release_35|x86.Build.0 = Release_Final|x86
		{B0F5BB4E-8391-40E3-B2BD-AF8EEBDE05E4}.Release_Final|Any CPU.ActiveCfg = Release_Final|Any CPU
		{B0F5BB4E-8391-40E3-B2BD-AF8EEBDE05E4}.Release_Final|Any CPU.Build.0 = Release_Final|Any CPU
		{B0F5BB4E-8391-40E3-B2BD-AF8EEBDE05E4}.Release_Final|Mixed Platforms.ActiveCfg = Release_Final|x86
		{B0F5BB4E-8391-40E3-B2BD-AF8EEBDE05E4}.Release_Final|Mixed Platforms.Build.0 = Release_Final|x86
		{B0F5BB4E-8391-40E3-B2BD-AF8EEBDE05E4}.Release_Final|x86.ActiveCfg = Release_Final|x86
		{B0F5BB4E-8391-40E3-B2BD-AF8EEBDE05E4}.Release_Final|x86.Build.0 = Release_Final|x86
		{B0F5BB4E-8391-40E3-B2BD-AF8EEBDE05E4}.Release|Any CPU.ActiveCfg = Release|Any CPU
		{B0F5BB4E-8391-40E3-B2BD-AF8EEBDE05E4}.Release|Any CPU.Build.0 = Release|Any CPU
		{B0F5BB4E-8391-40E3-B2BD-AF8EEBDE05E4}.Release|Mixed Platforms.ActiveCfg = Release|x86
		{B0F5BB4E-8391-40E3-B2BD-AF8EEBDE05E4}.Release|Mixed Platforms.Build.0 = Release|x86
		{B0F5BB4E-8391-40E3-B2BD-AF8EEBDE05E4}.Release|x86.ActiveCfg = Release|x86
		{B0F5BB4E-8391-40E3-B2BD-AF8EEBDE05E4}.Release|x86.Build.0 = Release|x86
		{35DA336C-E235-484C-90DA-8CD5C71997FF}.Debug|Any CPU.ActiveCfg = Debug|Any CPU
		{35DA336C-E235-484C-90DA-8CD5C71997FF}.Debug|Any CPU.Build.0 = Debug|Any CPU
		{35DA336C-E235-484C-90DA-8CD5C71997FF}.Debug|Mixed Platforms.ActiveCfg = Debug|x86
		{35DA336C-E235-484C-90DA-8CD5C71997FF}.Debug|Mixed Platforms.Build.0 = Debug|x86
		{35DA336C-E235-484C-90DA-8CD5C71997FF}.Debug|x86.ActiveCfg = Debug|x86
		{35DA336C-E235-484C-90DA-8CD5C71997FF}.Debug|x86.Build.0 = Debug|x86
		{35DA336C-E235-484C-90DA-8CD5C71997FF}.Release_35|Any CPU.ActiveCfg = Release_Final|Any CPU
		{35DA336C-E235-484C-90DA-8CD5C71997FF}.Release_35|Any CPU.Build.0 = Release_Final|Any CPU
		{35DA336C-E235-484C-90DA-8CD5C71997FF}.Release_35|Mixed Platforms.ActiveCfg = Release_Final|x86
		{35DA336C-E235-484C-90DA-8CD5C71997FF}.Release_35|Mixed Platforms.Build.0 = Release_Final|x86
		{35DA336C-E235-484C-90DA-8CD5C71997FF}.Release_35|x86.ActiveCfg = Release_Final|x86
		{35DA336C-E235-484C-90DA-8CD5C71997FF}.Release_35|x86.Build.0 = Release_Final|x86
		{35DA336C-E235-484C-90DA-8CD5C71997FF}.Release_Final|Any CPU.ActiveCfg = Release_Final|Any CPU
		{35DA336C-E235-484C-90DA-8CD5C71997FF}.Release_Final|Any CPU.Build.0 = Release_Final|Any CPU
		{35DA336C-E235-484C-90DA-8CD5C71997FF}.Release_Final|Mixed Platforms.ActiveCfg = Release_Final|x86
		{35DA336C-E235-484C-90DA-8CD5C71997FF}.Release_Final|Mixed Platforms.Build.0 = Release_Final|x86
		{35DA336C-E235-484C-90DA-8CD5C71997FF}.Release_Final|x86.ActiveCfg = Release_Final|x86
		{35DA336C-E235-484C-90DA-8CD5C71997FF}.Release_Final|x86.Build.0 = Release_Final|x86
		{35DA336C-E235-484C-90DA-8CD5C71997FF}.Release|Any CPU.ActiveCfg = Release|Any CPU
		{35DA336C-E235-484C-90DA-8CD5C71997FF}.Release|Any CPU.Build.0 = Release|Any CPU
		{35DA336C-E235-484C-90DA-8CD5C71997FF}.Release|Mixed Platforms.ActiveCfg = Release|x86
		{35DA336C-E235-484C-90DA-8CD5C71997FF}.Release|Mixed Platforms.Build.0 = Release|x86
		{35DA336C-E235-484C-90DA-8CD5C71997FF}.Release|x86.ActiveCfg = Release|x86
		{35DA336C-E235-484C-90DA-8CD5C71997FF}.Release|x86.Build.0 = Release|x86
		{F9B6DABD-BBC1-4638-8CE6-A5C9506BFDCB}.Debug|Any CPU.ActiveCfg = Debug|Any CPU
		{F9B6DABD-BBC1-4638-8CE6-A5C9506BFDCB}.Debug|Any CPU.Build.0 = Debug|Any CPU
		{F9B6DABD-BBC1-4638-8CE6-A5C9506BFDCB}.Debug|Mixed Platforms.ActiveCfg = Debug|x86
		{F9B6DABD-BBC1-4638-8CE6-A5C9506BFDCB}.Debug|Mixed Platforms.Build.0 = Debug|x86
		{F9B6DABD-BBC1-4638-8CE6-A5C9506BFDCB}.Debug|x86.ActiveCfg = Debug|x86
		{F9B6DABD-BBC1-4638-8CE6-A5C9506BFDCB}.Debug|x86.Build.0 = Debug|x86
		{F9B6DABD-BBC1-4638-8CE6-A5C9506BFDCB}.Release_35|Any CPU.ActiveCfg = Release_Final|Any CPU
		{F9B6DABD-BBC1-4638-8CE6-A5C9506BFDCB}.Release_35|Any CPU.Build.0 = Release_Final|Any CPU
		{F9B6DABD-BBC1-4638-8CE6-A5C9506BFDCB}.Release_35|Mixed Platforms.ActiveCfg = Release_Final|x86
		{F9B6DABD-BBC1-4638-8CE6-A5C9506BFDCB}.Release_35|Mixed Platforms.Build.0 = Release_Final|x86
		{F9B6DABD-BBC1-4638-8CE6-A5C9506BFDCB}.Release_35|x86.ActiveCfg = Release_Final|x86
		{F9B6DABD-BBC1-4638-8CE6-A5C9506BFDCB}.Release_35|x86.Build.0 = Release_Final|x86
		{F9B6DABD-BBC1-4638-8CE6-A5C9506BFDCB}.Release_Final|Any CPU.ActiveCfg = Release_Final|Any CPU
		{F9B6DABD-BBC1-4638-8CE6-A5C9506BFDCB}.Release_Final|Any CPU.Build.0 = Release_Final|Any CPU
		{F9B6DABD-BBC1-4638-8CE6-A5C9506BFDCB}.Release_Final|Mixed Platforms.ActiveCfg = Release_Final|x86
		{F9B6DABD-BBC1-4638-8CE6-A5C9506BFDCB}.Release_Final|Mixed Platforms.Build.0 = Release_Final|x86
		{F9B6DABD-BBC1-4638-8CE6-A5C9506BFDCB}.Release_Final|x86.ActiveCfg = Release_Final|x86
		{F9B6DABD-BBC1-4638-8CE6-A5C9506BFDCB}.Release_Final|x86.Build.0 = Release_Final|x86
		{F9B6DABD-BBC1-4638-8CE6-A5C9506BFDCB}.Release|Any CPU.ActiveCfg = Release|Any CPU
		{F9B6DABD-BBC1-4638-8CE6-A5C9506BFDCB}.Release|Any CPU.Build.0 = Release|Any CPU
		{F9B6DABD-BBC1-4638-8CE6-A5C9506BFDCB}.Release|Mixed Platforms.ActiveCfg = Release|x86
		{F9B6DABD-BBC1-4638-8CE6-A5C9506BFDCB}.Release|Mixed Platforms.Build.0 = Release|x86
		{F9B6DABD-BBC1-4638-8CE6-A5C9506BFDCB}.Release|x86.ActiveCfg = Release|x86
		{F9B6DABD-BBC1-4638-8CE6-A5C9506BFDCB}.Release|x86.Build.0 = Release|x86
		{A41C2CC3-053D-4C52-AE99-ED7D9C43E7DC}.Debug|Any CPU.ActiveCfg = Debug|Any CPU
		{A41C2CC3-053D-4C52-AE99-ED7D9C43E7DC}.Debug|Any CPU.Build.0 = Debug|Any CPU
		{A41C2CC3-053D-4C52-AE99-ED7D9C43E7DC}.Debug|Mixed Platforms.ActiveCfg = Debug|x86
		{A41C2CC3-053D-4C52-AE99-ED7D9C43E7DC}.Debug|Mixed Platforms.Build.0 = Debug|x86
		{A41C2CC3-053D-4C52-AE99-ED7D9C43E7DC}.Debug|x86.ActiveCfg = Debug|x86
		{A41C2CC3-053D-4C52-AE99-ED7D9C43E7DC}.Debug|x86.Build.0 = Debug|x86
		{A41C2CC3-053D-4C52-AE99-ED7D9C43E7DC}.Release_35|Any CPU.ActiveCfg = Release_Final|Any CPU
		{A41C2CC3-053D-4C52-AE99-ED7D9C43E7DC}.Release_35|Any CPU.Build.0 = Release_Final|Any CPU
		{A41C2CC3-053D-4C52-AE99-ED7D9C43E7DC}.Release_35|Mixed Platforms.ActiveCfg = Release_Final|x86
		{A41C2CC3-053D-4C52-AE99-ED7D9C43E7DC}.Release_35|Mixed Platforms.Build.0 = Release_Final|x86
		{A41C2CC3-053D-4C52-AE99-ED7D9C43E7DC}.Release_35|x86.ActiveCfg = Release_Final|x86
		{A41C2CC3-053D-4C52-AE99-ED7D9C43E7DC}.Release_35|x86.Build.0 = Release_Final|x86
		{A41C2CC3-053D-4C52-AE99-ED7D9C43E7DC}.Release_Final|Any CPU.ActiveCfg = Release_Final|Any CPU
		{A41C2CC3-053D-4C52-AE99-ED7D9C43E7DC}.Release_Final|Any CPU.Build.0 = Release_Final|Any CPU
		{A41C2CC3-053D-4C52-AE99-ED7D9C43E7DC}.Release_Final|Mixed Platforms.ActiveCfg = Release_Final|x86
		{A41C2CC3-053D-4C52-AE99-ED7D9C43E7DC}.Release_Final|Mixed Platforms.Build.0 = Release_Final|x86
		{A41C2CC3-053D-4C52-AE99-ED7D9C43E7DC}.Release_Final|x86.ActiveCfg = Release_Final|x86
		{A41C2CC3-053D-4C52-AE99-ED7D9C43E7DC}.Release_Final|x86.Build.0 = Release_Final|x86
		{A41C2CC3-053D-4C52-AE99-ED7D9C43E7DC}.Release|Any CPU.ActiveCfg = Release|Any CPU
		{A41C2CC3-053D-4C52-AE99-ED7D9C43E7DC}.Release|Any CPU.Build.0 = Release|Any CPU
		{A41C2CC3-053D-4C52-AE99-ED7D9C43E7DC}.Release|Mixed Platforms.ActiveCfg = Release|x86
		{A41C2CC3-053D-4C52-AE99-ED7D9C43E7DC}.Release|Mixed Platforms.Build.0 = Release|x86
		{A41C2CC3-053D-4C52-AE99-ED7D9C43E7DC}.Release|x86.ActiveCfg = Release|x86
		{A41C2CC3-053D-4C52-AE99-ED7D9C43E7DC}.Release|x86.Build.0 = Release|x86
		{FC7845FA-13FE-4FF8-822A-A577F3F59B00}.Debug|Any CPU.ActiveCfg = Debug|x86
		{FC7845FA-13FE-4FF8-822A-A577F3F59B00}.Debug|Mixed Platforms.ActiveCfg = Debug|x86
		{FC7845FA-13FE-4FF8-822A-A577F3F59B00}.Debug|Mixed Platforms.Build.0 = Debug|x86
		{FC7845FA-13FE-4FF8-822A-A577F3F59B00}.Debug|x86.ActiveCfg = Debug|x86
		{FC7845FA-13FE-4FF8-822A-A577F3F59B00}.Debug|x86.Build.0 = Debug|x86
		{FC7845FA-13FE-4FF8-822A-A577F3F59B00}.Release_35|Any CPU.ActiveCfg = Release|x86
		{FC7845FA-13FE-4FF8-822A-A577F3F59B00}.Release_35|Mixed Platforms.ActiveCfg = Release|x86
		{FC7845FA-13FE-4FF8-822A-A577F3F59B00}.Release_35|Mixed Platforms.Build.0 = Release|x86
		{FC7845FA-13FE-4FF8-822A-A577F3F59B00}.Release_35|x86.ActiveCfg = Release|x86
		{FC7845FA-13FE-4FF8-822A-A577F3F59B00}.Release_35|x86.Build.0 = Release|x86
		{FC7845FA-13FE-4FF8-822A-A577F3F59B00}.Release_Final|Any CPU.ActiveCfg = Release|x86
		{FC7845FA-13FE-4FF8-822A-A577F3F59B00}.Release_Final|Mixed Platforms.ActiveCfg = Release|x86
		{FC7845FA-13FE-4FF8-822A-A577F3F59B00}.Release_Final|Mixed Platforms.Build.0 = Release|x86
		{FC7845FA-13FE-4FF8-822A-A577F3F59B00}.Release_Final|x86.ActiveCfg = Release|x86
		{FC7845FA-13FE-4FF8-822A-A577F3F59B00}.Release_Final|x86.Build.0 = Release|x86
		{FC7845FA-13FE-4FF8-822A-A577F3F59B00}.Release|Any CPU.ActiveCfg = Release|x86
		{FC7845FA-13FE-4FF8-822A-A577F3F59B00}.Release|Mixed Platforms.ActiveCfg = Release|x86
		{FC7845FA-13FE-4FF8-822A-A577F3F59B00}.Release|Mixed Platforms.Build.0 = Release|x86
		{FC7845FA-13FE-4FF8-822A-A577F3F59B00}.Release|x86.ActiveCfg = Release|x86
		{FC7845FA-13FE-4FF8-822A-A577F3F59B00}.Release|x86.Build.0 = Release|x86
		{0A850700-1ABB-4288-A391-6726B90EBEB9}.Debug|Any CPU.ActiveCfg = Debug|x86
		{0A850700-1ABB-4288-A391-6726B90EBEB9}.Debug|Mixed Platforms.ActiveCfg = Debug|x86
		{0A850700-1ABB-4288-A391-6726B90EBEB9}.Debug|Mixed Platforms.Build.0 = Debug|x86
		{0A850700-1ABB-4288-A391-6726B90EBEB9}.Debug|x86.ActiveCfg = Debug|x86
		{0A850700-1ABB-4288-A391-6726B90EBEB9}.Debug|x86.Build.0 = Debug|x86
		{0A850700-1ABB-4288-A391-6726B90EBEB9}.Release_35|Any CPU.ActiveCfg = Release|x86
		{0A850700-1ABB-4288-A391-6726B90EBEB9}.Release_35|Mixed Platforms.ActiveCfg = Release|x86
		{0A850700-1ABB-4288-A391-6726B90EBEB9}.Release_35|Mixed Platforms.Build.0 = Release|x86
		{0A850700-1ABB-4288-A391-6726B90EBEB9}.Release_35|x86.ActiveCfg = Release|x86
		{0A850700-1ABB-4288-A391-6726B90EBEB9}.Release_35|x86.Build.0 = Release|x86
		{0A850700-1ABB-4288-A391-6726B90EBEB9}.Release_Final|Any CPU.ActiveCfg = Release|x86
		{0A850700-1ABB-4288-A391-6726B90EBEB9}.Release_Final|Mixed Platforms.ActiveCfg = Release|x86
		{0A850700-1ABB-4288-A391-6726B90EBEB9}.Release_Final|Mixed Platforms.Build.0 = Release|x86
		{0A850700-1ABB-4288-A391-6726B90EBEB9}.Release_Final|x86.ActiveCfg = Release|x86
		{0A850700-1ABB-4288-A391-6726B90EBEB9}.Release_Final|x86.Build.0 = Release|x86
		{0A850700-1ABB-4288-A391-6726B90EBEB9}.Release|Any CPU.ActiveCfg = Release|x86
		{0A850700-1ABB-4288-A391-6726B90EBEB9}.Release|Mixed Platforms.ActiveCfg = Release|x86
		{0A850700-1ABB-4288-A391-6726B90EBEB9}.Release|Mixed Platforms.Build.0 = Release|x86
		{0A850700-1ABB-4288-A391-6726B90EBEB9}.Release|x86.ActiveCfg = Release|x86
		{0A850700-1ABB-4288-A391-6726B90EBEB9}.Release|x86.Build.0 = Release|x86
		{3681ADA2-B2F3-4157-A603-82C742379856}.Debug|Any CPU.ActiveCfg = Debug|x86
		{3681ADA2-B2F3-4157-A603-82C742379856}.Debug|Mixed Platforms.ActiveCfg = Debug|x86
		{3681ADA2-B2F3-4157-A603-82C742379856}.Debug|Mixed Platforms.Build.0 = Debug|x86
		{3681ADA2-B2F3-4157-A603-82C742379856}.Debug|x86.ActiveCfg = Debug|x86
		{3681ADA2-B2F3-4157-A603-82C742379856}.Debug|x86.Build.0 = Debug|x86
		{3681ADA2-B2F3-4157-A603-82C742379856}.Release_35|Any CPU.ActiveCfg = Release|x86
		{3681ADA2-B2F3-4157-A603-82C742379856}.Release_35|Mixed Platforms.ActiveCfg = Release|x86
		{3681ADA2-B2F3-4157-A603-82C742379856}.Release_35|Mixed Platforms.Build.0 = Release|x86
		{3681ADA2-B2F3-4157-A603-82C742379856}.Release_35|x86.ActiveCfg = Release|x86
		{3681ADA2-B2F3-4157-A603-82C742379856}.Release_35|x86.Build.0 = Release|x86
		{3681ADA2-B2F3-4157-A603-82C742379856}.Release_Final|Any CPU.ActiveCfg = Release|x86
		{3681ADA2-B2F3-4157-A603-82C742379856}.Release_Final|Mixed Platforms.ActiveCfg = Release|x86
		{3681ADA2-B2F3-4157-A603-82C742379856}.Release_Final|Mixed Platforms.Build.0 = Release|x86
		{3681ADA2-B2F3-4157-A603-82C742379856}.Release_Final|x86.ActiveCfg = Release|x86
		{3681ADA2-B2F3-4157-A603-82C742379856}.Release_Final|x86.Build.0 = Release|x86
		{3681ADA2-B2F3-4157-A603-82C742379856}.Release|Any CPU.ActiveCfg = Release|x86
		{3681ADA2-B2F3-4157-A603-82C742379856}.Release|Mixed Platforms.ActiveCfg = Release|x86
		{3681ADA2-B2F3-4157-A603-82C742379856}.Release|Mixed Platforms.Build.0 = Release|x86
		{3681ADA2-B2F3-4157-A603-82C742379856}.Release|x86.ActiveCfg = Release|x86
		{3681ADA2-B2F3-4157-A603-82C742379856}.Release|x86.Build.0 = Release|x86
		{052F9BB6-A8E8-447C-934D-616A7FA3D81C}.Debug|Any CPU.ActiveCfg = Debug|Any CPU
		{052F9BB6-A8E8-447C-934D-616A7FA3D81C}.Debug|Any CPU.Build.0 = Debug|Any CPU
		{052F9BB6-A8E8-447C-934D-616A7FA3D81C}.Debug|Mixed Platforms.ActiveCfg = Debug|Any CPU
		{052F9BB6-A8E8-447C-934D-616A7FA3D81C}.Debug|Mixed Platforms.Build.0 = Debug|Any CPU
		{052F9BB6-A8E8-447C-934D-616A7FA3D81C}.Debug|x86.ActiveCfg = Debug|Any CPU
		{052F9BB6-A8E8-447C-934D-616A7FA3D81C}.Release_35|Any CPU.ActiveCfg = Release|Any CPU
		{052F9BB6-A8E8-447C-934D-616A7FA3D81C}.Release_35|Any CPU.Build.0 = Release|Any CPU
		{052F9BB6-A8E8-447C-934D-616A7FA3D81C}.Release_35|Mixed Platforms.ActiveCfg = Release|Any CPU
		{052F9BB6-A8E8-447C-934D-616A7FA3D81C}.Release_35|Mixed Platforms.Build.0 = Release|Any CPU
		{052F9BB6-A8E8-447C-934D-616A7FA3D81C}.Release_35|x86.ActiveCfg = Release|Any CPU
		{052F9BB6-A8E8-447C-934D-616A7FA3D81C}.Release_Final|Any CPU.ActiveCfg = Release|Any CPU
		{052F9BB6-A8E8-447C-934D-616A7FA3D81C}.Release_Final|Any CPU.Build.0 = Release|Any CPU
		{052F9BB6-A8E8-447C-934D-616A7FA3D81C}.Release_Final|Mixed Platforms.ActiveCfg = Release|Any CPU
		{052F9BB6-A8E8-447C-934D-616A7FA3D81C}.Release_Final|Mixed Platforms.Build.0 = Release|Any CPU
		{052F9BB6-A8E8-447C-934D-616A7FA3D81C}.Release_Final|x86.ActiveCfg = Release|Any CPU
		{052F9BB6-A8E8-447C-934D-616A7FA3D81C}.Release|Any CPU.ActiveCfg = Release|Any CPU
		{052F9BB6-A8E8-447C-934D-616A7FA3D81C}.Release|Any CPU.Build.0 = Release|Any CPU
		{052F9BB6-A8E8-447C-934D-616A7FA3D81C}.Release|Mixed Platforms.ActiveCfg = Release|Any CPU
		{052F9BB6-A8E8-447C-934D-616A7FA3D81C}.Release|Mixed Platforms.Build.0 = Release|Any CPU
		{052F9BB6-A8E8-447C-934D-616A7FA3D81C}.Release|x86.ActiveCfg = Release|Any CPU
		{167938E9-7883-4D27-A78A-3A1C20F0FE90}.Debug|Any CPU.ActiveCfg = Debug|Any CPU
		{167938E9-7883-4D27-A78A-3A1C20F0FE90}.Debug|Any CPU.Build.0 = Debug|Any CPU
		{167938E9-7883-4D27-A78A-3A1C20F0FE90}.Debug|Mixed Platforms.ActiveCfg = Debug|x86
		{167938E9-7883-4D27-A78A-3A1C20F0FE90}.Debug|Mixed Platforms.Build.0 = Debug|x86
		{167938E9-7883-4D27-A78A-3A1C20F0FE90}.Debug|x86.ActiveCfg = Debug|x86
		{167938E9-7883-4D27-A78A-3A1C20F0FE90}.Debug|x86.Build.0 = Debug|x86
		{167938E9-7883-4D27-A78A-3A1C20F0FE90}.Release_35|Any CPU.ActiveCfg = Release|Any CPU
		{167938E9-7883-4D27-A78A-3A1C20F0FE90}.Release_35|Any CPU.Build.0 = Release|Any CPU
		{167938E9-7883-4D27-A78A-3A1C20F0FE90}.Release_35|Mixed Platforms.ActiveCfg = Release|x86
		{167938E9-7883-4D27-A78A-3A1C20F0FE90}.Release_35|Mixed Platforms.Build.0 = Release|x86
		{167938E9-7883-4D27-A78A-3A1C20F0FE90}.Release_35|x86.ActiveCfg = Release|x86
		{167938E9-7883-4D27-A78A-3A1C20F0FE90}.Release_35|x86.Build.0 = Release|x86
		{167938E9-7883-4D27-A78A-3A1C20F0FE90}.Release_Final|Any CPU.ActiveCfg = Release|Any CPU
		{167938E9-7883-4D27-A78A-3A1C20F0FE90}.Release_Final|Any CPU.Build.0 = Release|Any CPU
		{167938E9-7883-4D27-A78A-3A1C20F0FE90}.Release_Final|Mixed Platforms.ActiveCfg = Release|x86
		{167938E9-7883-4D27-A78A-3A1C20F0FE90}.Release_Final|Mixed Platforms.Build.0 = Release|x86
		{167938E9-7883-4D27-A78A-3A1C20F0FE90}.Release_Final|x86.ActiveCfg = Release|x86
		{167938E9-7883-4D27-A78A-3A1C20F0FE90}.Release_Final|x86.Build.0 = Release|x86
		{167938E9-7883-4D27-A78A-3A1C20F0FE90}.Release|Any CPU.ActiveCfg = Release|Any CPU
		{167938E9-7883-4D27-A78A-3A1C20F0FE90}.Release|Any CPU.Build.0 = Release|Any CPU
		{167938E9-7883-4D27-A78A-3A1C20F0FE90}.Release|Mixed Platforms.ActiveCfg = Release|x86
		{167938E9-7883-4D27-A78A-3A1C20F0FE90}.Release|Mixed Platforms.Build.0 = Release|x86
		{167938E9-7883-4D27-A78A-3A1C20F0FE90}.Release|x86.ActiveCfg = Release|x86
		{167938E9-7883-4D27-A78A-3A1C20F0FE90}.Release|x86.Build.0 = Release|x86
		{36BC8717-BF0F-4E78-8494-2309CE1FFEDB}.Debug|Any CPU.ActiveCfg = Debug|Any CPU
		{36BC8717-BF0F-4E78-8494-2309CE1FFEDB}.Debug|Any CPU.Build.0 = Debug|Any CPU
		{36BC8717-BF0F-4E78-8494-2309CE1FFEDB}.Debug|Mixed Platforms.ActiveCfg = Debug|Any CPU
		{36BC8717-BF0F-4E78-8494-2309CE1FFEDB}.Debug|Mixed Platforms.Build.0 = Debug|Any CPU
		{36BC8717-BF0F-4E78-8494-2309CE1FFEDB}.Debug|x86.ActiveCfg = Debug|Any CPU
		{36BC8717-BF0F-4E78-8494-2309CE1FFEDB}.Release_35|Any CPU.ActiveCfg = Release|Any CPU
		{36BC8717-BF0F-4E78-8494-2309CE1FFEDB}.Release_35|Any CPU.Build.0 = Release|Any CPU
		{36BC8717-BF0F-4E78-8494-2309CE1FFEDB}.Release_35|Mixed Platforms.ActiveCfg = Release|Any CPU
		{36BC8717-BF0F-4E78-8494-2309CE1FFEDB}.Release_35|Mixed Platforms.Build.0 = Release|Any CPU
		{36BC8717-BF0F-4E78-8494-2309CE1FFEDB}.Release_35|x86.ActiveCfg = Release|Any CPU
		{36BC8717-BF0F-4E78-8494-2309CE1FFEDB}.Release_Final|Any CPU.ActiveCfg = Release|Any CPU
		{36BC8717-BF0F-4E78-8494-2309CE1FFEDB}.Release_Final|Any CPU.Build.0 = Release|Any CPU
		{36BC8717-BF0F-4E78-8494-2309CE1FFEDB}.Release_Final|Mixed Platforms.ActiveCfg = Release|Any CPU
		{36BC8717-BF0F-4E78-8494-2309CE1FFEDB}.Release_Final|Mixed Platforms.Build.0 = Release|Any CPU
		{36BC8717-BF0F-4E78-8494-2309CE1FFEDB}.Release_Final|x86.ActiveCfg = Release|Any CPU
		{36BC8717-BF0F-4E78-8494-2309CE1FFEDB}.Release|Any CPU.ActiveCfg = Release|Any CPU
		{36BC8717-BF0F-4E78-8494-2309CE1FFEDB}.Release|Any CPU.Build.0 = Release|Any CPU
		{36BC8717-BF0F-4E78-8494-2309CE1FFEDB}.Release|Mixed Platforms.ActiveCfg = Release|Any CPU
		{36BC8717-BF0F-4E78-8494-2309CE1FFEDB}.Release|Mixed Platforms.Build.0 = Release|Any CPU
		{36BC8717-BF0F-4E78-8494-2309CE1FFEDB}.Release|x86.ActiveCfg = Release|Any CPU
	EndGlobalSection
	GlobalSection(SolutionProperties) = preSolution
		HideSolutionNode = FALSE
	EndGlobalSection
EndGlobal
